
Microsoft Visual Studio Solution File, Format Version 12.00
# Visual Studio Version 16
VisualStudioVersion = 16.0.34407.143
MinimumVisualStudioVersion = 10.0.40219.1
Project("{8BC9CEB8-8B4A-11D0-8D11-00A0C91BC942}") = "Building Editor", "Building Editor\Building Editor.vcxproj", "{E601377F-D7EB-45FD-A135-59C0CCC559BA}"
EndProject
Project("{8BC9CEB8-8B4A-11D0-8D11-00A0C91BC942}") = "Engine", "Engine\Engine.vcxproj", "{7E7053A4-D993-4BAF-8937-122772E6D126}"
EndProject
Project("{8BC9CEB8-8B4A-11D0-8D11-00A0C91BC942}") = "HANUL", "HANUL\HANUL.vcxproj", "{62040408-FD05-4361-B9DA-3D6C1EEB825C}"
EndProject
Project("{8BC9CEB8-8B4A-11D0-8D11-00A0C91BC942}") = "Image Maker", "Image Maker\Image Maker.vcxproj", "{B95ADDED-8BDB-4B82-A98B-5C76BEE7D3E9}"
EndProject
Project("{8BC9CEB8-8B4A-11D0-8D11-00A0C91BC942}") = "Install", "Install\Install.vcxproj", "{77FEE7AF-D683-4BD5-8543-A536727CFC30}"
EndProject
Project("{8BC9CEB8-8B4A-11D0-8D11-00A0C91BC942}") = "JapanConfig", "JapanConfig\JapanConfig.vcxproj", "{EF18BC10-1240-4472-8FFF-86B73AA84057}"
EndProject
Project("{8BC9CEB8-8B4A-11D0-8D11-00A0C91BC942}") = "Log Decoder", "Log Decoder\Log Decoder.vcxproj", "{D58A5008-3F5E-4F88-87DA-4F82ED584E6E}"
EndProject
Project("{8BC9CEB8-8B4A-11D0-8D11-00A0C91BC942}") = "Mangchi", "Mangchi\Mangchi.vcxproj", "{36D924F6-54AC-4C20-BB01-30BDC9C0A55D}"
EndProject
Project("{8BC9CEB8-8B4A-11D0-8D11-00A0C91BC942}") = "Object Editor", "Object Editor\Object Editor.vcxproj", "{1A8C9864-A1CB-4F9B-AF69-A842ABA2FADB}"
EndProject
Project("{8BC9CEB8-8B4A-11D0-8D11-00A0C91BC942}") = "Red Stone", "Red Stone\Red Stone.vcxproj", "{8CC40F9B-7627-4B7D-8AF4-22DE1908CABA}"
EndProject
Project("{8BC9CEB8-8B4A-11D0-8D11-00A0C91BC942}") = "Server Info", "Server Info\Server Info.vcxproj", "{CF20A51B-7160-4681-9E06-F351FC44EA42}"
EndProject
Project("{8BC9CEB8-8B4A-11D0-8D11-00A0C91BC942}") = "SvnLib", "SvnLib\SvnLib.vcxproj", "{FA3DD1AD-FCF3-46C2-88A2-49474C2F4B10}"
EndProject
Project("{8BC9CEB8-8B4A-11D0-8D11-00A0C91BC942}") = "WebInstaller", "WebInstaller\WebInstaller.vcxproj", "{49CAED98-A45F-4180-89AE-9C6DF01A8318}"
EndProject
Project("{8BC9CEB8-8B4A-11D0-8D11-00A0C91BC942}") = "config", "config\config.vcxproj", "{BD25E6CA-AD13-4742-AB78-B0D87B6CED4C}"
EndProject
Project("{8BC9CEB8-8B4A-11D0-8D11-00A0C91BC942}") = "iLauncher", "iLauncher\iLauncher.vcxproj", "{82BB7581-42B5-420B-8220-ADE2C81CB22C}"
EndProject
Project("{8BC9CEB8-8B4A-11D0-8D11-00A0C91BC942}") = "iPatch", "iPatch\iPatch.vcxproj", "{E2F57183-A271-4C88-93B6-AE497DFD83B7}"
EndProject
Project("{8BC9CEB8-8B4A-11D0-8D11-00A0C91BC942}") = "iUninstaller", "iUninstaller\iUninstaller.vcxproj", "{B70EC895-4B8F-467B-AF72-0917B43DA4FD}"
EndProject
Project("{8BC9CEB8-8B4A-11D0-8D11-00A0C91BC942}") = "reg", "reg\reg.vcxproj", "{2B83F10D-596F-4FC8-9B21-D0EB561E22FF}"
EndProject
Global
	GlobalSection(SolutionConfigurationPlatforms) = preSolution
		Convertor|x86 = Convertor|x86
		Debug|x86 = Debug|x86
		DEV|x86 = DEV|x86
		Eng|x86 = Eng|x86
		forChina|x86 = forChina|x86
		forInner|x86 = forInner|x86
		forInter|x86 = forInter|x86
		forInternational|x86 = forInternational|x86
		forJapan|x86 = forJapan|x86
		forJapanOperator|x86 = forJapanOperator|x86
		forOperator|x86 = forOperator|x86
		forThai|x86 = forThai|x86
		forThaiOperator|x86 = forThaiOperator|x86
		forUSA|x86 = forUSA|x86
		forUSAOperator|x86 = forUSAOperator|x86
		forWCG|x86 = forWCG|x86
		HS|x86 = HS|x86
		japan|x86 = japan|x86
		japanHanGame|x86 = japanHanGame|x86
		Release|x86 = Release|x86
		Template|x86 = Template|x86
		testForJapan|x86 = testForJapan|x86
	EndGlobalSection
	GlobalSection(ProjectConfigurationPlatforms) = postSolution
		{E601377F-D7EB-45FD-A135-59C0CCC559BA}.Convertor|x86.ActiveCfg = Debug|Win32
		{E601377F-D7EB-45FD-A135-59C0CCC559BA}.Convertor|x86.Build.0 = Debug|Win32
		{E601377F-D7EB-45FD-A135-59C0CCC559BA}.Debug|x86.ActiveCfg = Debug|Win32
		{E601377F-D7EB-45FD-A135-59C0CCC559BA}.Debug|x86.Build.0 = Debug|Win32
		{E601377F-D7EB-45FD-A135-59C0CCC559BA}.DEV|x86.ActiveCfg = Debug|Win32
		{E601377F-D7EB-45FD-A135-59C0CCC559BA}.DEV|x86.Build.0 = Debug|Win32
		{E601377F-D7EB-45FD-A135-59C0CCC559BA}.Eng|x86.ActiveCfg = Debug|Win32
		{E601377F-D7EB-45FD-A135-59C0CCC559BA}.Eng|x86.Build.0 = Debug|Win32
		{E601377F-D7EB-45FD-A135-59C0CCC559BA}.forChina|x86.ActiveCfg = Debug|Win32
		{E601377F-D7EB-45FD-A135-59C0CCC559BA}.forChina|x86.Build.0 = Debug|Win32
		{E601377F-D7EB-45FD-A135-59C0CCC559BA}.forInner|x86.ActiveCfg = Debug|Win32
		{E601377F-D7EB-45FD-A135-59C0CCC559BA}.forInner|x86.Build.0 = Debug|Win32
		{E601377F-D7EB-45FD-A135-59C0CCC559BA}.forInter|x86.ActiveCfg = Debug|Win32
		{E601377F-D7EB-45FD-A135-59C0CCC559BA}.forInter|x86.Build.0 = Debug|Win32
		{E601377F-D7EB-45FD-A135-59C0CCC559BA}.forInternational|x86.ActiveCfg = Debug|Win32
		{E601377F-D7EB-45FD-A135-59C0CCC559BA}.forInternational|x86.Build.0 = Debug|Win32
		{E601377F-D7EB-45FD-A135-59C0CCC559BA}.forJapan|x86.ActiveCfg = Debug|Win32
		{E601377F-D7EB-45FD-A135-59C0CCC559BA}.forJapan|x86.Build.0 = Debug|Win32
		{E601377F-D7EB-45FD-A135-59C0CCC559BA}.forJapanOperator|x86.ActiveCfg = Debug|Win32
		{E601377F-D7EB-45FD-A135-59C0CCC559BA}.forJapanOperator|x86.Build.0 = Debug|Win32
		{E601377F-D7EB-45FD-A135-59C0CCC559BA}.forOperator|x86.ActiveCfg = Debug|Win32
		{E601377F-D7EB-45FD-A135-59C0CCC559BA}.forOperator|x86.Build.0 = Debug|Win32
		{E601377F-D7EB-45FD-A135-59C0CCC559BA}.forThai|x86.ActiveCfg = Debug|Win32
		{E601377F-D7EB-45FD-A135-59C0CCC559BA}.forThai|x86.Build.0 = Debug|Win32
		{E601377F-D7EB-45FD-A135-59C0CCC559BA}.forThaiOperator|x86.ActiveCfg = Debug|Win32
		{E601377F-D7EB-45FD-A135-59C0CCC559BA}.forThaiOperator|x86.Build.0 = Debug|Win32
		{E601377F-D7EB-45FD-A135-59C0CCC559BA}.forUSA|x86.ActiveCfg = Debug|Win32
		{E601377F-D7EB-45FD-A135-59C0CCC559BA}.forUSA|x86.Build.0 = Debug|Win32
		{E601377F-D7EB-45FD-A135-59C0CCC559BA}.forUSAOperator|x86.ActiveCfg = Debug|Win32
		{E601377F-D7EB-45FD-A135-59C0CCC559BA}.forUSAOperator|x86.Build.0 = Debug|Win32
		{E601377F-D7EB-45FD-A135-59C0CCC559BA}.forWCG|x86.ActiveCfg = Debug|Win32
		{E601377F-D7EB-45FD-A135-59C0CCC559BA}.forWCG|x86.Build.0 = Debug|Win32
		{E601377F-D7EB-45FD-A135-59C0CCC559BA}.HS|x86.ActiveCfg = Debug|Win32
		{E601377F-D7EB-45FD-A135-59C0CCC559BA}.HS|x86.Build.0 = Debug|Win32
		{E601377F-D7EB-45FD-A135-59C0CCC559BA}.japan|x86.ActiveCfg = Debug|Win32
		{E601377F-D7EB-45FD-A135-59C0CCC559BA}.japan|x86.Build.0 = Debug|Win32
		{E601377F-D7EB-45FD-A135-59C0CCC559BA}.japanHanGame|x86.ActiveCfg = Debug|Win32
		{E601377F-D7EB-45FD-A135-59C0CCC559BA}.japanHanGame|x86.Build.0 = Debug|Win32
		{E601377F-D7EB-45FD-A135-59C0CCC559BA}.Release|x86.ActiveCfg = Release|Win32
		{E601377F-D7EB-45FD-A135-59C0CCC559BA}.Release|x86.Build.0 = Release|Win32
		{E601377F-D7EB-45FD-A135-59C0CCC559BA}.Template|x86.ActiveCfg = Debug|Win32
		{E601377F-D7EB-45FD-A135-59C0CCC559BA}.Template|x86.Build.0 = Debug|Win32
		{E601377F-D7EB-45FD-A135-59C0CCC559BA}.testForJapan|x86.ActiveCfg = Debug|Win32
		{E601377F-D7EB-45FD-A135-59C0CCC559BA}.testForJapan|x86.Build.0 = Debug|Win32
		{7E7053A4-D993-4BAF-8937-122772E6D126}.Convertor|x86.ActiveCfg = Debug|Win32
		{7E7053A4-D993-4BAF-8937-122772E6D126}.Convertor|x86.Build.0 = Debug|Win32
		{7E7053A4-D993-4BAF-8937-122772E6D126}.Debug|x86.ActiveCfg = Debug|Win32
		{7E7053A4-D993-4BAF-8937-122772E6D126}.Debug|x86.Build.0 = Debug|Win32
		{7E7053A4-D993-4BAF-8937-122772E6D126}.DEV|x86.ActiveCfg = Debug|Win32
		{7E7053A4-D993-4BAF-8937-122772E6D126}.DEV|x86.Build.0 = Debug|Win32
		{7E7053A4-D993-4BAF-8937-122772E6D126}.Eng|x86.ActiveCfg = Debug|Win32
		{7E7053A4-D993-4BAF-8937-122772E6D126}.Eng|x86.Build.0 = Debug|Win32
		{7E7053A4-D993-4BAF-8937-122772E6D126}.forChina|x86.ActiveCfg = forUSAOperator|Win32
		{7E7053A4-D993-4BAF-8937-122772E6D126}.forChina|x86.Build.0 = forUSAOperator|Win32
		{7E7053A4-D993-4BAF-8937-122772E6D126}.forInner|x86.ActiveCfg = forInner|Win32
		{7E7053A4-D993-4BAF-8937-122772E6D126}.forInner|x86.Build.0 = forInner|Win32
		{7E7053A4-D993-4BAF-8937-122772E6D126}.forInter|x86.ActiveCfg = forInner|Win32
		{7E7053A4-D993-4BAF-8937-122772E6D126}.forInter|x86.Build.0 = forInner|Win32
		{7E7053A4-D993-4BAF-8937-122772E6D126}.forInternational|x86.ActiveCfg = forInner|Win32
		{7E7053A4-D993-4BAF-8937-122772E6D126}.forInternational|x86.Build.0 = forInner|Win32
		{7E7053A4-D993-4BAF-8937-122772E6D126}.forJapan|x86.ActiveCfg = forJapan|Win32
		{7E7053A4-D993-4BAF-8937-122772E6D126}.forJapan|x86.Build.0 = forJapan|Win32
		{7E7053A4-D993-4BAF-8937-122772E6D126}.forJapanOperator|x86.ActiveCfg = forJapanOperator|Win32
		{7E7053A4-D993-4BAF-8937-122772E6D126}.forJapanOperator|x86.Build.0 = forJapanOperator|Win32
		{7E7053A4-D993-4BAF-8937-122772E6D126}.forOperator|x86.ActiveCfg = forOperator|Win32
		{7E7053A4-D993-4BAF-8937-122772E6D126}.forOperator|x86.Build.0 = forOperator|Win32
		{7E7053A4-D993-4BAF-8937-122772E6D126}.forThai|x86.ActiveCfg = forThai|Win32
		{7E7053A4-D993-4BAF-8937-122772E6D126}.forThai|x86.Build.0 = forThai|Win32
		{7E7053A4-D993-4BAF-8937-122772E6D126}.forThaiOperator|x86.ActiveCfg = forThaiOperator|Win32
		{7E7053A4-D993-4BAF-8937-122772E6D126}.forThaiOperator|x86.Build.0 = forThaiOperator|Win32
		{7E7053A4-D993-4BAF-8937-122772E6D126}.forUSA|x86.ActiveCfg = forUSA|Win32
		{7E7053A4-D993-4BAF-8937-122772E6D126}.forUSA|x86.Build.0 = forUSA|Win32
		{7E7053A4-D993-4BAF-8937-122772E6D126}.forUSAOperator|x86.ActiveCfg = forUSAOperator|Win32
		{7E7053A4-D993-4BAF-8937-122772E6D126}.forUSAOperator|x86.Build.0 = forUSAOperator|Win32
		{7E7053A4-D993-4BAF-8937-122772E6D126}.forWCG|x86.ActiveCfg = forUSAOperator|Win32
		{7E7053A4-D993-4BAF-8937-122772E6D126}.forWCG|x86.Build.0 = forUSAOperator|Win32
		{7E7053A4-D993-4BAF-8937-122772E6D126}.HS|x86.ActiveCfg = HS|Win32
		{7E7053A4-D993-4BAF-8937-122772E6D126}.HS|x86.Build.0 = HS|Win32
		{7E7053A4-D993-4BAF-8937-122772E6D126}.japan|x86.ActiveCfg = Debug|Win32
		{7E7053A4-D993-4BAF-8937-122772E6D126}.japan|x86.Build.0 = Debug|Win32
		{7E7053A4-D993-4BAF-8937-122772E6D126}.japanHanGame|x86.ActiveCfg = Debug|Win32
		{7E7053A4-D993-4BAF-8937-122772E6D126}.japanHanGame|x86.Build.0 = Debug|Win32
		{7E7053A4-D993-4BAF-8937-122772E6D126}.Release|x86.ActiveCfg = Release|Win32
		{7E7053A4-D993-4BAF-8937-122772E6D126}.Release|x86.Build.0 = Release|Win32
		{7E7053A4-D993-4BAF-8937-122772E6D126}.Template|x86.ActiveCfg = Template|Win32
		{7E7053A4-D993-4BAF-8937-122772E6D126}.Template|x86.Build.0 = Template|Win32
		{7E7053A4-D993-4BAF-8937-122772E6D126}.testForJapan|x86.ActiveCfg = testForJapan|Win32
		{7E7053A4-D993-4BAF-8937-122772E6D126}.testForJapan|x86.Build.0 = testForJapan|Win32
		{62040408-FD05-4361-B9DA-3D6C1EEB825C}.Convertor|x86.ActiveCfg = Debug|Win32
		{62040408-FD05-4361-B9DA-3D6C1EEB825C}.Convertor|x86.Build.0 = Debug|Win32
		{62040408-FD05-4361-B9DA-3D6C1EEB825C}.Debug|x86.ActiveCfg = Debug|Win32
		{62040408-FD05-4361-B9DA-3D6C1EEB825C}.Debug|x86.Build.0 = Debug|Win32
		{62040408-FD05-4361-B9DA-3D6C1EEB825C}.DEV|x86.ActiveCfg = Debug|Win32
		{62040408-FD05-4361-B9DA-3D6C1EEB825C}.DEV|x86.Build.0 = Debug|Win32
		{62040408-FD05-4361-B9DA-3D6C1EEB825C}.Eng|x86.ActiveCfg = Debug|Win32
		{62040408-FD05-4361-B9DA-3D6C1EEB825C}.Eng|x86.Build.0 = Debug|Win32
		{62040408-FD05-4361-B9DA-3D6C1EEB825C}.forChina|x86.ActiveCfg = Debug|Win32
		{62040408-FD05-4361-B9DA-3D6C1EEB825C}.forChina|x86.Build.0 = Debug|Win32
		{62040408-FD05-4361-B9DA-3D6C1EEB825C}.forInner|x86.ActiveCfg = Debug|Win32
		{62040408-FD05-4361-B9DA-3D6C1EEB825C}.forInner|x86.Build.0 = Debug|Win32
		{62040408-FD05-4361-B9DA-3D6C1EEB825C}.forInter|x86.ActiveCfg = Debug|Win32
		{62040408-FD05-4361-B9DA-3D6C1EEB825C}.forInter|x86.Build.0 = Debug|Win32
		{62040408-FD05-4361-B9DA-3D6C1EEB825C}.forInternational|x86.ActiveCfg = Debug|Win32
		{62040408-FD05-4361-B9DA-3D6C1EEB825C}.forInternational|x86.Build.0 = Debug|Win32
		{62040408-FD05-4361-B9DA-3D6C1EEB825C}.forJapan|x86.ActiveCfg = Debug|Win32
		{62040408-FD05-4361-B9DA-3D6C1EEB825C}.forJapan|x86.Build.0 = Debug|Win32
		{62040408-FD05-4361-B9DA-3D6C1EEB825C}.forJapanOperator|x86.ActiveCfg = Debug|Win32
		{62040408-FD05-4361-B9DA-3D6C1EEB825C}.forJapanOperator|x86.Build.0 = Debug|Win32
		{62040408-FD05-4361-B9DA-3D6C1EEB825C}.forOperator|x86.ActiveCfg = Debug|Win32
		{62040408-FD05-4361-B9DA-3D6C1EEB825C}.forOperator|x86.Build.0 = Debug|Win32
		{62040408-FD05-4361-B9DA-3D6C1EEB825C}.forThai|x86.ActiveCfg = Debug|Win32
		{62040408-FD05-4361-B9DA-3D6C1EEB825C}.forThai|x86.Build.0 = Debug|Win32
		{62040408-FD05-4361-B9DA-3D6C1EEB825C}.forThaiOperator|x86.ActiveCfg = Debug|Win32
		{62040408-FD05-4361-B9DA-3D6C1EEB825C}.forThaiOperator|x86.Build.0 = Debug|Win32
		{62040408-FD05-4361-B9DA-3D6C1EEB825C}.forUSA|x86.ActiveCfg = Debug|Win32
		{62040408-FD05-4361-B9DA-3D6C1EEB825C}.forUSA|x86.Build.0 = Debug|Win32
		{62040408-FD05-4361-B9DA-3D6C1EEB825C}.forUSAOperator|x86.ActiveCfg = Debug|Win32
		{62040408-FD05-4361-B9DA-3D6C1EEB825C}.forUSAOperator|x86.Build.0 = Debug|Win32
		{62040408-FD05-4361-B9DA-3D6C1EEB825C}.forWCG|x86.ActiveCfg = Debug|Win32
		{62040408-FD05-4361-B9DA-3D6C1EEB825C}.forWCG|x86.Build.0 = Debug|Win32
		{62040408-FD05-4361-B9DA-3D6C1EEB825C}.HS|x86.ActiveCfg = Debug|Win32
		{62040408-FD05-4361-B9DA-3D6C1EEB825C}.HS|x86.Build.0 = Debug|Win32
		{62040408-FD05-4361-B9DA-3D6C1EEB825C}.japan|x86.ActiveCfg = Debug|Win32
		{62040408-FD05-4361-B9DA-3D6C1EEB825C}.japan|x86.Build.0 = Debug|Win32
		{62040408-FD05-4361-B9DA-3D6C1EEB825C}.japanHanGame|x86.ActiveCfg = Debug|Win32
		{62040408-FD05-4361-B9DA-3D6C1EEB825C}.japanHanGame|x86.Build.0 = Debug|Win32
		{62040408-FD05-4361-B9DA-3D6C1EEB825C}.Release|x86.ActiveCfg = Release|Win32
		{62040408-FD05-4361-B9DA-3D6C1EEB825C}.Release|x86.Build.0 = Release|Win32
		{62040408-FD05-4361-B9DA-3D6C1EEB825C}.Template|x86.ActiveCfg = Template|Win32
		{62040408-FD05-4361-B9DA-3D6C1EEB825C}.Template|x86.Build.0 = Template|Win32
		{62040408-FD05-4361-B9DA-3D6C1EEB825C}.testForJapan|x86.ActiveCfg = Template|Win32
		{62040408-FD05-4361-B9DA-3D6C1EEB825C}.testForJapan|x86.Build.0 = Template|Win32
		{B95ADDED-8BDB-4B82-A98B-5C76BEE7D3E9}.Convertor|x86.ActiveCfg = Debug|Win32
		{B95ADDED-8BDB-4B82-A98B-5C76BEE7D3E9}.Convertor|x86.Build.0 = Debug|Win32
		{B95ADDED-8BDB-4B82-A98B-5C76BEE7D3E9}.Debug|x86.ActiveCfg = Debug|Win32
		{B95ADDED-8BDB-4B82-A98B-5C76BEE7D3E9}.Debug|x86.Build.0 = Debug|Win32
		{B95ADDED-8BDB-4B82-A98B-5C76BEE7D3E9}.DEV|x86.ActiveCfg = Debug|Win32
		{B95ADDED-8BDB-4B82-A98B-5C76BEE7D3E9}.DEV|x86.Build.0 = Debug|Win32
		{B95ADDED-8BDB-4B82-A98B-5C76BEE7D3E9}.Eng|x86.ActiveCfg = Debug|Win32
		{B95ADDED-8BDB-4B82-A98B-5C76BEE7D3E9}.Eng|x86.Build.0 = Debug|Win32
		{B95ADDED-8BDB-4B82-A98B-5C76BEE7D3E9}.forChina|x86.ActiveCfg = Debug|Win32
		{B95ADDED-8BDB-4B82-A98B-5C76BEE7D3E9}.forChina|x86.Build.0 = Debug|Win32
		{B95ADDED-8BDB-4B82-A98B-5C76BEE7D3E9}.forInner|x86.ActiveCfg = Debug|Win32
		{B95ADDED-8BDB-4B82-A98B-5C76BEE7D3E9}.forInner|x86.Build.0 = Debug|Win32
		{B95ADDED-8BDB-4B82-A98B-5C76BEE7D3E9}.forInter|x86.ActiveCfg = Debug|Win32
		{B95ADDED-8BDB-4B82-A98B-5C76BEE7D3E9}.forInter|x86.Build.0 = Debug|Win32
		{B95ADDED-8BDB-4B82-A98B-5C76BEE7D3E9}.forInternational|x86.ActiveCfg = Debug|Win32
		{B95ADDED-8BDB-4B82-A98B-5C76BEE7D3E9}.forInternational|x86.Build.0 = Debug|Win32
		{B95ADDED-8BDB-4B82-A98B-5C76BEE7D3E9}.forJapan|x86.ActiveCfg = Debug|Win32
		{B95ADDED-8BDB-4B82-A98B-5C76BEE7D3E9}.forJapan|x86.Build.0 = Debug|Win32
		{B95ADDED-8BDB-4B82-A98B-5C76BEE7D3E9}.forJapanOperator|x86.ActiveCfg = Debug|Win32
		{B95ADDED-8BDB-4B82-A98B-5C76BEE7D3E9}.forJapanOperator|x86.Build.0 = Debug|Win32
		{B95ADDED-8BDB-4B82-A98B-5C76BEE7D3E9}.forOperator|x86.ActiveCfg = Debug|Win32
		{B95ADDED-8BDB-4B82-A98B-5C76BEE7D3E9}.forOperator|x86.Build.0 = Debug|Win32
		{B95ADDED-8BDB-4B82-A98B-5C76BEE7D3E9}.forThai|x86.ActiveCfg = Debug|Win32
		{B95ADDED-8BDB-4B82-A98B-5C76BEE7D3E9}.forThai|x86.Build.0 = Debug|Win32
		{B95ADDED-8BDB-4B82-A98B-5C76BEE7D3E9}.forThaiOperator|x86.ActiveCfg = Debug|Win32
		{B95ADDED-8BDB-4B82-A98B-5C76BEE7D3E9}.forThaiOperator|x86.Build.0 = Debug|Win32
		{B95ADDED-8BDB-4B82-A98B-5C76BEE7D3E9}.forUSA|x86.ActiveCfg = Debug|Win32
		{B95ADDED-8BDB-4B82-A98B-5C76BEE7D3E9}.forUSA|x86.Build.0 = Debug|Win32
		{B95ADDED-8BDB-4B82-A98B-5C76BEE7D3E9}.forUSAOperator|x86.ActiveCfg = Debug|Win32
		{B95ADDED-8BDB-4B82-A98B-5C76BEE7D3E9}.forUSAOperator|x86.Build.0 = Debug|Win32
		{B95ADDED-8BDB-4B82-A98B-5C76BEE7D3E9}.forWCG|x86.ActiveCfg = Debug|Win32
		{B95ADDED-8BDB-4B82-A98B-5C76BEE7D3E9}.forWCG|x86.Build.0 = Debug|Win32
		{B95ADDED-8BDB-4B82-A98B-5C76BEE7D3E9}.HS|x86.ActiveCfg = Debug|Win32
		{B95ADDED-8BDB-4B82-A98B-5C76BEE7D3E9}.HS|x86.Build.0 = Debug|Win32
		{B95ADDED-8BDB-4B82-A98B-5C76BEE7D3E9}.japan|x86.ActiveCfg = Debug|Win32
		{B95ADDED-8BDB-4B82-A98B-5C76BEE7D3E9}.japan|x86.Build.0 = Debug|Win32
		{B95ADDED-8BDB-4B82-A98B-5C76BEE7D3E9}.japanHanGame|x86.ActiveCfg = Debug|Win32
		{B95ADDED-8BDB-4B82-A98B-5C76BEE7D3E9}.japanHanGame|x86.Build.0 = Debug|Win32
		{B95ADDED-8BDB-4B82-A98B-5C76BEE7D3E9}.Release|x86.ActiveCfg = Release|Win32
		{B95ADDED-8BDB-4B82-A98B-5C76BEE7D3E9}.Release|x86.Build.0 = Release|Win32
		{B95ADDED-8BDB-4B82-A98B-5C76BEE7D3E9}.Template|x86.ActiveCfg = Template|Win32
		{B95ADDED-8BDB-4B82-A98B-5C76BEE7D3E9}.Template|x86.Build.0 = Template|Win32
		{B95ADDED-8BDB-4B82-A98B-5C76BEE7D3E9}.testForJapan|x86.ActiveCfg = Template|Win32
		{B95ADDED-8BDB-4B82-A98B-5C76BEE7D3E9}.testForJapan|x86.Build.0 = Template|Win32
		{77FEE7AF-D683-4BD5-8543-A536727CFC30}.Convertor|x86.ActiveCfg = Debug|Win32
		{77FEE7AF-D683-4BD5-8543-A536727CFC30}.Convertor|x86.Build.0 = Debug|Win32
		{77FEE7AF-D683-4BD5-8543-A536727CFC30}.Debug|x86.ActiveCfg = Debug|Win32
		{77FEE7AF-D683-4BD5-8543-A536727CFC30}.Debug|x86.Build.0 = Debug|Win32
		{77FEE7AF-D683-4BD5-8543-A536727CFC30}.DEV|x86.ActiveCfg = Debug|Win32
		{77FEE7AF-D683-4BD5-8543-A536727CFC30}.DEV|x86.Build.0 = Debug|Win32
		{77FEE7AF-D683-4BD5-8543-A536727CFC30}.Eng|x86.ActiveCfg = Debug|Win32
		{77FEE7AF-D683-4BD5-8543-A536727CFC30}.Eng|x86.Build.0 = Debug|Win32
		{77FEE7AF-D683-4BD5-8543-A536727CFC30}.forChina|x86.ActiveCfg = forUSA|Win32
		{77FEE7AF-D683-4BD5-8543-A536727CFC30}.forChina|x86.Build.0 = forUSA|Win32
		{77FEE7AF-D683-4BD5-8543-A536727CFC30}.forInner|x86.ActiveCfg = forUSA|Win32
		{77FEE7AF-D683-4BD5-8543-A536727CFC30}.forInner|x86.Build.0 = forUSA|Win32
		{77FEE7AF-D683-4BD5-8543-A536727CFC30}.forInter|x86.ActiveCfg = forUSA|Win32
		{77FEE7AF-D683-4BD5-8543-A536727CFC30}.forInter|x86.Build.0 = forUSA|Win32
		{77FEE7AF-D683-4BD5-8543-A536727CFC30}.forInternational|x86.ActiveCfg = forUSA|Win32
		{77FEE7AF-D683-4BD5-8543-A536727CFC30}.forInternational|x86.Build.0 = forUSA|Win32
		{77FEE7AF-D683-4BD5-8543-A536727CFC30}.forJapan|x86.ActiveCfg = forUSA|Win32
		{77FEE7AF-D683-4BD5-8543-A536727CFC30}.forJapan|x86.Build.0 = forUSA|Win32
		{77FEE7AF-D683-4BD5-8543-A536727CFC30}.forJapanOperator|x86.ActiveCfg = forUSA|Win32
		{77FEE7AF-D683-4BD5-8543-A536727CFC30}.forJapanOperator|x86.Build.0 = forUSA|Win32
		{77FEE7AF-D683-4BD5-8543-A536727CFC30}.forOperator|x86.ActiveCfg = forUSA|Win32
		{77FEE7AF-D683-4BD5-8543-A536727CFC30}.forOperator|x86.Build.0 = forUSA|Win32
		{77FEE7AF-D683-4BD5-8543-A536727CFC30}.forThai|x86.ActiveCfg = forThai|Win32
		{77FEE7AF-D683-4BD5-8543-A536727CFC30}.forThai|x86.Build.0 = forThai|Win32
		{77FEE7AF-D683-4BD5-8543-A536727CFC30}.forThaiOperator|x86.ActiveCfg = forThai|Win32
		{77FEE7AF-D683-4BD5-8543-A536727CFC30}.forThaiOperator|x86.Build.0 = forThai|Win32
		{77FEE7AF-D683-4BD5-8543-A536727CFC30}.forUSA|x86.ActiveCfg = forUSA|Win32
		{77FEE7AF-D683-4BD5-8543-A536727CFC30}.forUSA|x86.Build.0 = forUSA|Win32
		{77FEE7AF-D683-4BD5-8543-A536727CFC30}.forUSAOperator|x86.ActiveCfg = forUSA|Win32
		{77FEE7AF-D683-4BD5-8543-A536727CFC30}.forUSAOperator|x86.Build.0 = forUSA|Win32
		{77FEE7AF-D683-4BD5-8543-A536727CFC30}.forWCG|x86.ActiveCfg = forUSA|Win32
		{77FEE7AF-D683-4BD5-8543-A536727CFC30}.forWCG|x86.Build.0 = forUSA|Win32
		{77FEE7AF-D683-4BD5-8543-A536727CFC30}.HS|x86.ActiveCfg = Debug|Win32
		{77FEE7AF-D683-4BD5-8543-A536727CFC30}.HS|x86.Build.0 = Debug|Win32
		{77FEE7AF-D683-4BD5-8543-A536727CFC30}.japan|x86.ActiveCfg = japan|Win32
		{77FEE7AF-D683-4BD5-8543-A536727CFC30}.japan|x86.Build.0 = japan|Win32
		{77FEE7AF-D683-4BD5-8543-A536727CFC30}.japanHanGame|x86.ActiveCfg = japanHanGame|Win32
		{77FEE7AF-D683-4BD5-8543-A536727CFC30}.japanHanGame|x86.Build.0 = japanHanGame|Win32
		{77FEE7AF-D683-4BD5-8543-A536727CFC30}.Release|x86.ActiveCfg = Release|Win32
		{77FEE7AF-D683-4BD5-8543-A536727CFC30}.Release|x86.Build.0 = Release|Win32
		{77FEE7AF-D683-4BD5-8543-A536727CFC30}.Template|x86.ActiveCfg = Template|Win32
		{77FEE7AF-D683-4BD5-8543-A536727CFC30}.Template|x86.Build.0 = Template|Win32
		{77FEE7AF-D683-4BD5-8543-A536727CFC30}.testForJapan|x86.ActiveCfg = Template|Win32
		{77FEE7AF-D683-4BD5-8543-A536727CFC30}.testForJapan|x86.Build.0 = Template|Win32
		{EF18BC10-1240-4472-8FFF-86B73AA84057}.Convertor|x86.ActiveCfg = Debug|Win32
		{EF18BC10-1240-4472-8FFF-86B73AA84057}.Convertor|x86.Build.0 = Debug|Win32
		{EF18BC10-1240-4472-8FFF-86B73AA84057}.Debug|x86.ActiveCfg = Debug|Win32
		{EF18BC10-1240-4472-8FFF-86B73AA84057}.Debug|x86.Build.0 = Debug|Win32
		{EF18BC10-1240-4472-8FFF-86B73AA84057}.DEV|x86.ActiveCfg = Debug|Win32
		{EF18BC10-1240-4472-8FFF-86B73AA84057}.DEV|x86.Build.0 = Debug|Win32
		{EF18BC10-1240-4472-8FFF-86B73AA84057}.Eng|x86.ActiveCfg = Debug|Win32
		{EF18BC10-1240-4472-8FFF-86B73AA84057}.Eng|x86.Build.0 = Debug|Win32
		{EF18BC10-1240-4472-8FFF-86B73AA84057}.forChina|x86.ActiveCfg = Debug|Win32
		{EF18BC10-1240-4472-8FFF-86B73AA84057}.forChina|x86.Build.0 = Debug|Win32
		{EF18BC10-1240-4472-8FFF-86B73AA84057}.forInner|x86.ActiveCfg = Debug|Win32
		{EF18BC10-1240-4472-8FFF-86B73AA84057}.forInner|x86.Build.0 = Debug|Win32
		{EF18BC10-1240-4472-8FFF-86B73AA84057}.forInter|x86.ActiveCfg = Debug|Win32
		{EF18BC10-1240-4472-8FFF-86B73AA84057}.forInter|x86.Build.0 = Debug|Win32
		{EF18BC10-1240-4472-8FFF-86B73AA84057}.forInternational|x86.ActiveCfg = Debug|Win32
		{EF18BC10-1240-4472-8FFF-86B73AA84057}.forInternational|x86.Build.0 = Debug|Win32
		{EF18BC10-1240-4472-8FFF-86B73AA84057}.forJapan|x86.ActiveCfg = Debug|Win32
		{EF18BC10-1240-4472-8FFF-86B73AA84057}.forJapanOperator|x86.ActiveCfg = Debug|Win32
		{EF18BC10-1240-4472-8FFF-86B73AA84057}.forJapanOperator|x86.Build.0 = Debug|Win32
		{EF18BC10-1240-4472-8FFF-86B73AA84057}.forOperator|x86.ActiveCfg = Debug|Win32
		{EF18BC10-1240-4472-8FFF-86B73AA84057}.forOperator|x86.Build.0 = Debug|Win32
		{EF18BC10-1240-4472-8FFF-86B73AA84057}.forThai|x86.ActiveCfg = Debug|Win32
		{EF18BC10-1240-4472-8FFF-86B73AA84057}.forThai|x86.Build.0 = Debug|Win32
		{EF18BC10-1240-4472-8FFF-86B73AA84057}.forThaiOperator|x86.ActiveCfg = Debug|Win32
		{EF18BC10-1240-4472-8FFF-86B73AA84057}.forThaiOperator|x86.Build.0 = Debug|Win32
		{EF18BC10-1240-4472-8FFF-86B73AA84057}.forUSA|x86.ActiveCfg = Debug|Win32
		{EF18BC10-1240-4472-8FFF-86B73AA84057}.forUSA|x86.Build.0 = Debug|Win32
		{EF18BC10-1240-4472-8FFF-86B73AA84057}.forUSAOperator|x86.ActiveCfg = Debug|Win32
		{EF18BC10-1240-4472-8FFF-86B73AA84057}.forUSAOperator|x86.Build.0 = Debug|Win32
		{EF18BC10-1240-4472-8FFF-86B73AA84057}.forWCG|x86.ActiveCfg = Debug|Win32
		{EF18BC10-1240-4472-8FFF-86B73AA84057}.forWCG|x86.Build.0 = Debug|Win32
		{EF18BC10-1240-4472-8FFF-86B73AA84057}.HS|x86.ActiveCfg = Debug|Win32
		{EF18BC10-1240-4472-8FFF-86B73AA84057}.HS|x86.Build.0 = Debug|Win32
		{EF18BC10-1240-4472-8FFF-86B73AA84057}.japan|x86.ActiveCfg = Debug|Win32
		{EF18BC10-1240-4472-8FFF-86B73AA84057}.japan|x86.Build.0 = Debug|Win32
		{EF18BC10-1240-4472-8FFF-86B73AA84057}.japanHanGame|x86.ActiveCfg = Debug|Win32
		{EF18BC10-1240-4472-8FFF-86B73AA84057}.japanHanGame|x86.Build.0 = Debug|Win32
		{EF18BC10-1240-4472-8FFF-86B73AA84057}.Release|x86.ActiveCfg = Release|Win32
		{EF18BC10-1240-4472-8FFF-86B73AA84057}.Release|x86.Build.0 = Release|Win32
		{EF18BC10-1240-4472-8FFF-86B73AA84057}.Template|x86.ActiveCfg = Template|Win32
		{EF18BC10-1240-4472-8FFF-86B73AA84057}.Template|x86.Build.0 = Template|Win32
		{EF18BC10-1240-4472-8FFF-86B73AA84057}.testForJapan|x86.ActiveCfg = Template|Win32
		{EF18BC10-1240-4472-8FFF-86B73AA84057}.testForJapan|x86.Build.0 = Template|Win32
		{D58A5008-3F5E-4F88-87DA-4F82ED584E6E}.Convertor|x86.ActiveCfg = Debug|Win32
		{D58A5008-3F5E-4F88-87DA-4F82ED584E6E}.Convertor|x86.Build.0 = Debug|Win32
		{D58A5008-3F5E-4F88-87DA-4F82ED584E6E}.Debug|x86.ActiveCfg = Debug|Win32
		{D58A5008-3F5E-4F88-87DA-4F82ED584E6E}.Debug|x86.Build.0 = Debug|Win32
		{D58A5008-3F5E-4F88-87DA-4F82ED584E6E}.DEV|x86.ActiveCfg = Debug|Win32
		{D58A5008-3F5E-4F88-87DA-4F82ED584E6E}.DEV|x86.Build.0 = Debug|Win32
		{D58A5008-3F5E-4F88-87DA-4F82ED584E6E}.Eng|x86.ActiveCfg = Eng|Win32
		{D58A5008-3F5E-4F88-87DA-4F82ED584E6E}.Eng|x86.Build.0 = Eng|Win32
		{D58A5008-3F5E-4F88-87DA-4F82ED584E6E}.forChina|x86.ActiveCfg = Debug|Win32
		{D58A5008-3F5E-4F88-87DA-4F82ED584E6E}.forChina|x86.Build.0 = Debug|Win32
		{D58A5008-3F5E-4F88-87DA-4F82ED584E6E}.forInner|x86.ActiveCfg = Debug|Win32
		{D58A5008-3F5E-4F88-87DA-4F82ED584E6E}.forInner|x86.Build.0 = Debug|Win32
		{D58A5008-3F5E-4F88-87DA-4F82ED584E6E}.forInter|x86.ActiveCfg = Debug|Win32
		{D58A5008-3F5E-4F88-87DA-4F82ED584E6E}.forInter|x86.Build.0 = Debug|Win32
		{D58A5008-3F5E-4F88-87DA-4F82ED584E6E}.forInternational|x86.ActiveCfg = Debug|Win32
		{D58A5008-3F5E-4F88-87DA-4F82ED584E6E}.forInternational|x86.Build.0 = Debug|Win32
		{D58A5008-3F5E-4F88-87DA-4F82ED584E6E}.forJapan|x86.ActiveCfg = Debug|Win32
		{D58A5008-3F5E-4F88-87DA-4F82ED584E6E}.forJapan|x86.Build.0 = Debug|Win32
		{D58A5008-3F5E-4F88-87DA-4F82ED584E6E}.forJapanOperator|x86.ActiveCfg = Debug|Win32
		{D58A5008-3F5E-4F88-87DA-4F82ED584E6E}.forJapanOperator|x86.Build.0 = Debug|Win32
		{D58A5008-3F5E-4F88-87DA-4F82ED584E6E}.forOperator|x86.ActiveCfg = Debug|Win32
		{D58A5008-3F5E-4F88-87DA-4F82ED584E6E}.forOperator|x86.Build.0 = Debug|Win32
		{D58A5008-3F5E-4F88-87DA-4F82ED584E6E}.forThai|x86.ActiveCfg = Debug|Win32
		{D58A5008-3F5E-4F88-87DA-4F82ED584E6E}.forThai|x86.Build.0 = Debug|Win32
		{D58A5008-3F5E-4F88-87DA-4F82ED584E6E}.forThaiOperator|x86.ActiveCfg = Debug|Win32
		{D58A5008-3F5E-4F88-87DA-4F82ED584E6E}.forThaiOperator|x86.Build.0 = Debug|Win32
		{D58A5008-3F5E-4F88-87DA-4F82ED584E6E}.forUSA|x86.ActiveCfg = Debug|Win32
		{D58A5008-3F5E-4F88-87DA-4F82ED584E6E}.forUSA|x86.Build.0 = Debug|Win32
		{D58A5008-3F5E-4F88-87DA-4F82ED584E6E}.forUSAOperator|x86.ActiveCfg = Debug|Win32
		{D58A5008-3F5E-4F88-87DA-4F82ED584E6E}.forUSAOperator|x86.Build.0 = Debug|Win32
		{D58A5008-3F5E-4F88-87DA-4F82ED584E6E}.forWCG|x86.ActiveCfg = Debug|Win32
		{D58A5008-3F5E-4F88-87DA-4F82ED584E6E}.forWCG|x86.Build.0 = Debug|Win32
		{D58A5008-3F5E-4F88-87DA-4F82ED584E6E}.HS|x86.ActiveCfg = Debug|Win32
		{D58A5008-3F5E-4F88-87DA-4F82ED584E6E}.HS|x86.Build.0 = Debug|Win32
		{D58A5008-3F5E-4F88-87DA-4F82ED584E6E}.japan|x86.ActiveCfg = Debug|Win32
		{D58A5008-3F5E-4F88-87DA-4F82ED584E6E}.japan|x86.Build.0 = Debug|Win32
		{D58A5008-3F5E-4F88-87DA-4F82ED584E6E}.japanHanGame|x86.ActiveCfg = Debug|Win32
		{D58A5008-3F5E-4F88-87DA-4F82ED584E6E}.japanHanGame|x86.Build.0 = Debug|Win32
		{D58A5008-3F5E-4F88-87DA-4F82ED584E6E}.Release|x86.ActiveCfg = Release|Win32
		{D58A5008-3F5E-4F88-87DA-4F82ED584E6E}.Release|x86.Build.0 = Release|Win32
		{D58A5008-3F5E-4F88-87DA-4F82ED584E6E}.Template|x86.ActiveCfg = Template|Win32
		{D58A5008-3F5E-4F88-87DA-4F82ED584E6E}.Template|x86.Build.0 = Template|Win32
		{D58A5008-3F5E-4F88-87DA-4F82ED584E6E}.testForJapan|x86.ActiveCfg = Template|Win32
		{D58A5008-3F5E-4F88-87DA-4F82ED584E6E}.testForJapan|x86.Build.0 = Template|Win32
		{36D924F6-54AC-4C20-BB01-30BDC9C0A55D}.Convertor|x86.ActiveCfg = Convertor|Win32
		{36D924F6-54AC-4C20-BB01-30BDC9C0A55D}.Convertor|x86.Build.0 = Convertor|Win32
		{36D924F6-54AC-4C20-BB01-30BDC9C0A55D}.Debug|x86.ActiveCfg = Debug|Win32
		{36D924F6-54AC-4C20-BB01-30BDC9C0A55D}.Debug|x86.Build.0 = Debug|Win32
		{36D924F6-54AC-4C20-BB01-30BDC9C0A55D}.DEV|x86.ActiveCfg = Debug|Win32
		{36D924F6-54AC-4C20-BB01-30BDC9C0A55D}.DEV|x86.Build.0 = Debug|Win32
		{36D924F6-54AC-4C20-BB01-30BDC9C0A55D}.Eng|x86.ActiveCfg = Debug|Win32
		{36D924F6-54AC-4C20-BB01-30BDC9C0A55D}.Eng|x86.Build.0 = Debug|Win32
		{36D924F6-54AC-4C20-BB01-30BDC9C0A55D}.forChina|x86.ActiveCfg = forJapan|Win32
		{36D924F6-54AC-4C20-BB01-30BDC9C0A55D}.forChina|x86.Build.0 = forJapan|Win32
		{36D924F6-54AC-4C20-BB01-30BDC9C0A55D}.forInner|x86.ActiveCfg = forJapan|Win32
		{36D924F6-54AC-4C20-BB01-30BDC9C0A55D}.forInner|x86.Build.0 = forJapan|Win32
		{36D924F6-54AC-4C20-BB01-30BDC9C0A55D}.forInter|x86.ActiveCfg = forJapan|Win32
		{36D924F6-54AC-4C20-BB01-30BDC9C0A55D}.forInter|x86.Build.0 = forJapan|Win32
		{36D924F6-54AC-4C20-BB01-30BDC9C0A55D}.forInternational|x86.ActiveCfg = forJapan|Win32
		{36D924F6-54AC-4C20-BB01-30BDC9C0A55D}.forInternational|x86.Build.0 = forJapan|Win32
		{36D924F6-54AC-4C20-BB01-30BDC9C0A55D}.forJapan|x86.ActiveCfg = Debug|Win32
		{36D924F6-54AC-4C20-BB01-30BDC9C0A55D}.forJapan|x86.Build.0 = Debug|Win32
		{36D924F6-54AC-4C20-BB01-30BDC9C0A55D}.forJapanOperator|x86.ActiveCfg = forJapan|Win32
		{36D924F6-54AC-4C20-BB01-30BDC9C0A55D}.forJapanOperator|x86.Build.0 = forJapan|Win32
		{36D924F6-54AC-4C20-BB01-30BDC9C0A55D}.forOperator|x86.ActiveCfg = forJapan|Win32
		{36D924F6-54AC-4C20-BB01-30BDC9C0A55D}.forOperator|x86.Build.0 = forJapan|Win32
		{36D924F6-54AC-4C20-BB01-30BDC9C0A55D}.forThai|x86.ActiveCfg = forJapan|Win32
		{36D924F6-54AC-4C20-BB01-30BDC9C0A55D}.forThai|x86.Build.0 = forJapan|Win32
		{36D924F6-54AC-4C20-BB01-30BDC9C0A55D}.forThaiOperator|x86.ActiveCfg = forJapan|Win32
		{36D924F6-54AC-4C20-BB01-30BDC9C0A55D}.forThaiOperator|x86.Build.0 = forJapan|Win32
		{36D924F6-54AC-4C20-BB01-30BDC9C0A55D}.forUSA|x86.ActiveCfg = forJapan|Win32
		{36D924F6-54AC-4C20-BB01-30BDC9C0A55D}.forUSA|x86.Build.0 = forJapan|Win32
		{36D924F6-54AC-4C20-BB01-30BDC9C0A55D}.forUSAOperator|x86.ActiveCfg = forJapan|Win32
		{36D924F6-54AC-4C20-BB01-30BDC9C0A55D}.forUSAOperator|x86.Build.0 = forJapan|Win32
		{36D924F6-54AC-4C20-BB01-30BDC9C0A55D}.forWCG|x86.ActiveCfg = forJapan|Win32
		{36D924F6-54AC-4C20-BB01-30BDC9C0A55D}.forWCG|x86.Build.0 = forJapan|Win32
		{36D924F6-54AC-4C20-BB01-30BDC9C0A55D}.HS|x86.ActiveCfg = Debug|Win32
		{36D924F6-54AC-4C20-BB01-30BDC9C0A55D}.HS|x86.Build.0 = Debug|Win32
		{36D924F6-54AC-4C20-BB01-30BDC9C0A55D}.japan|x86.ActiveCfg = Debug|Win32
		{36D924F6-54AC-4C20-BB01-30BDC9C0A55D}.japan|x86.Build.0 = Debug|Win32
		{36D924F6-54AC-4C20-BB01-30BDC9C0A55D}.japanHanGame|x86.ActiveCfg = Debug|Win32
		{36D924F6-54AC-4C20-BB01-30BDC9C0A55D}.japanHanGame|x86.Build.0 = Debug|Win32
		{36D924F6-54AC-4C20-BB01-30BDC9C0A55D}.Release|x86.ActiveCfg = Release|Win32
		{36D924F6-54AC-4C20-BB01-30BDC9C0A55D}.Release|x86.Build.0 = Release|Win32
		{36D924F6-54AC-4C20-BB01-30BDC9C0A55D}.Template|x86.ActiveCfg = Template|Win32
		{36D924F6-54AC-4C20-BB01-30BDC9C0A55D}.Template|x86.Build.0 = Template|Win32
		{36D924F6-54AC-4C20-BB01-30BDC9C0A55D}.testForJapan|x86.ActiveCfg = Template|Win32
		{36D924F6-54AC-4C20-BB01-30BDC9C0A55D}.testForJapan|x86.Build.0 = Template|Win32
		{1A8C9864-A1CB-4F9B-AF69-A842ABA2FADB}.Convertor|x86.ActiveCfg = Debug|Win32
		{1A8C9864-A1CB-4F9B-AF69-A842ABA2FADB}.Convertor|x86.Build.0 = Debug|Win32
		{1A8C9864-A1CB-4F9B-AF69-A842ABA2FADB}.Debug|x86.ActiveCfg = Debug|Win32
		{1A8C9864-A1CB-4F9B-AF69-A842ABA2FADB}.Debug|x86.Build.0 = Debug|Win32
		{1A8C9864-A1CB-4F9B-AF69-A842ABA2FADB}.DEV|x86.ActiveCfg = Debug|Win32
		{1A8C9864-A1CB-4F9B-AF69-A842ABA2FADB}.DEV|x86.Build.0 = Debug|Win32
		{1A8C9864-A1CB-4F9B-AF69-A842ABA2FADB}.Eng|x86.ActiveCfg = Debug|Win32
		{1A8C9864-A1CB-4F9B-AF69-A842ABA2FADB}.Eng|x86.Build.0 = Debug|Win32
		{1A8C9864-A1CB-4F9B-AF69-A842ABA2FADB}.forChina|x86.ActiveCfg = Debug|Win32
		{1A8C9864-A1CB-4F9B-AF69-A842ABA2FADB}.forChina|x86.Build.0 = Debug|Win32
		{1A8C9864-A1CB-4F9B-AF69-A842ABA2FADB}.forInner|x86.ActiveCfg = Debug|Win32
		{1A8C9864-A1CB-4F9B-AF69-A842ABA2FADB}.forInner|x86.Build.0 = Debug|Win32
		{1A8C9864-A1CB-4F9B-AF69-A842ABA2FADB}.forInter|x86.ActiveCfg = Debug|Win32
		{1A8C9864-A1CB-4F9B-AF69-A842ABA2FADB}.forInter|x86.Build.0 = Debug|Win32
		{1A8C9864-A1CB-4F9B-AF69-A842ABA2FADB}.forInternational|x86.ActiveCfg = Debug|Win32
		{1A8C9864-A1CB-4F9B-AF69-A842ABA2FADB}.forInternational|x86.Build.0 = Debug|Win32
		{1A8C9864-A1CB-4F9B-AF69-A842ABA2FADB}.forJapan|x86.ActiveCfg = Debug|Win32
		{1A8C9864-A1CB-4F9B-AF69-A842ABA2FADB}.forJapan|x86.Build.0 = Debug|Win32
		{1A8C9864-A1CB-4F9B-AF69-A842ABA2FADB}.forJapanOperator|x86.ActiveCfg = Debug|Win32
		{1A8C9864-A1CB-4F9B-AF69-A842ABA2FADB}.forJapanOperator|x86.Build.0 = Debug|Win32
		{1A8C9864-A1CB-4F9B-AF69-A842ABA2FADB}.forOperator|x86.ActiveCfg = Debug|Win32
		{1A8C9864-A1CB-4F9B-AF69-A842ABA2FADB}.forOperator|x86.Build.0 = Debug|Win32
		{1A8C9864-A1CB-4F9B-AF69-A842ABA2FADB}.forThai|x86.ActiveCfg = Debug|Win32
		{1A8C9864-A1CB-4F9B-AF69-A842ABA2FADB}.forThai|x86.Build.0 = Debug|Win32
		{1A8C9864-A1CB-4F9B-AF69-A842ABA2FADB}.forThaiOperator|x86.ActiveCfg = Debug|Win32
		{1A8C9864-A1CB-4F9B-AF69-A842ABA2FADB}.forThaiOperator|x86.Build.0 = Debug|Win32
		{1A8C9864-A1CB-4F9B-AF69-A842ABA2FADB}.forUSA|x86.ActiveCfg = Debug|Win32
		{1A8C9864-A1CB-4F9B-AF69-A842ABA2FADB}.forUSA|x86.Build.0 = Debug|Win32
		{1A8C9864-A1CB-4F9B-AF69-A842ABA2FADB}.forUSAOperator|x86.ActiveCfg = Debug|Win32
		{1A8C9864-A1CB-4F9B-AF69-A842ABA2FADB}.forUSAOperator|x86.Build.0 = Debug|Win32
		{1A8C9864-A1CB-4F9B-AF69-A842ABA2FADB}.forWCG|x86.ActiveCfg = Debug|Win32
		{1A8C9864-A1CB-4F9B-AF69-A842ABA2FADB}.forWCG|x86.Build.0 = Debug|Win32
		{1A8C9864-A1CB-4F9B-AF69-A842ABA2FADB}.HS|x86.ActiveCfg = Debug|Win32
		{1A8C9864-A1CB-4F9B-AF69-A842ABA2FADB}.HS|x86.Build.0 = Debug|Win32
		{1A8C9864-A1CB-4F9B-AF69-A842ABA2FADB}.japan|x86.ActiveCfg = Debug|Win32
		{1A8C9864-A1CB-4F9B-AF69-A842ABA2FADB}.japan|x86.Build.0 = Debug|Win32
		{1A8C9864-A1CB-4F9B-AF69-A842ABA2FADB}.japanHanGame|x86.ActiveCfg = Debug|Win32
		{1A8C9864-A1CB-4F9B-AF69-A842ABA2FADB}.japanHanGame|x86.Build.0 = Debug|Win32
		{1A8C9864-A1CB-4F9B-AF69-A842ABA2FADB}.Release|x86.ActiveCfg = Release|Win32
		{1A8C9864-A1CB-4F9B-AF69-A842ABA2FADB}.Release|x86.Build.0 = Release|Win32
		{1A8C9864-A1CB-4F9B-AF69-A842ABA2FADB}.Template|x86.ActiveCfg = Template|Win32
		{1A8C9864-A1CB-4F9B-AF69-A842ABA2FADB}.Template|x86.Build.0 = Template|Win32
		{1A8C9864-A1CB-4F9B-AF69-A842ABA2FADB}.testForJapan|x86.ActiveCfg = Template|Win32
		{1A8C9864-A1CB-4F9B-AF69-A842ABA2FADB}.testForJapan|x86.Build.0 = Template|Win32
		{8CC40F9B-7627-4B7D-8AF4-22DE1908CABA}.Convertor|x86.ActiveCfg = Debug|Win32
		{8CC40F9B-7627-4B7D-8AF4-22DE1908CABA}.Convertor|x86.Build.0 = Debug|Win32
		{8CC40F9B-7627-4B7D-8AF4-22DE1908CABA}.Debug|x86.ActiveCfg = Debug|Win32
		{8CC40F9B-7627-4B7D-8AF4-22DE1908CABA}.Debug|x86.Build.0 = Debug|Win32
		{8CC40F9B-7627-4B7D-8AF4-22DE1908CABA}.DEV|x86.ActiveCfg = DEV|Win32
		{8CC40F9B-7627-4B7D-8AF4-22DE1908CABA}.DEV|x86.Build.0 = DEV|Win32
		{8CC40F9B-7627-4B7D-8AF4-22DE1908CABA}.Eng|x86.ActiveCfg = Debug|Win32
		{8CC40F9B-7627-4B7D-8AF4-22DE1908CABA}.Eng|x86.Build.0 = Debug|Win32
		{8CC40F9B-7627-4B7D-8AF4-22DE1908CABA}.forChina|x86.ActiveCfg = forUSAOperator|Win32
		{8CC40F9B-7627-4B7D-8AF4-22DE1908CABA}.forChina|x86.Build.0 = forUSAOperator|Win32
		{8CC40F9B-7627-4B7D-8AF4-22DE1908CABA}.forInner|x86.ActiveCfg = forInner|Win32
		{8CC40F9B-7627-4B7D-8AF4-22DE1908CABA}.forInner|x86.Build.0 = forInner|Win32
		{8CC40F9B-7627-4B7D-8AF4-22DE1908CABA}.forInter|x86.ActiveCfg = forInner|Win32
		{8CC40F9B-7627-4B7D-8AF4-22DE1908CABA}.forInter|x86.Build.0 = forInner|Win32
		{8CC40F9B-7627-4B7D-8AF4-22DE1908CABA}.forInternational|x86.ActiveCfg = forInner|Win32
		{8CC40F9B-7627-4B7D-8AF4-22DE1908CABA}.forInternational|x86.Build.0 = forInner|Win32
		{8CC40F9B-7627-4B7D-8AF4-22DE1908CABA}.forJapan|x86.ActiveCfg = forJapan|Win32
		{8CC40F9B-7627-4B7D-8AF4-22DE1908CABA}.forJapan|x86.Build.0 = forJapan|Win32
		{8CC40F9B-7627-4B7D-8AF4-22DE1908CABA}.forJapanOperator|x86.ActiveCfg = forJapanOperator|Win32
		{8CC40F9B-7627-4B7D-8AF4-22DE1908CABA}.forJapanOperator|x86.Build.0 = forJapanOperator|Win32
		{8CC40F9B-7627-4B7D-8AF4-22DE1908CABA}.forOperator|x86.ActiveCfg = forOperator|Win32
		{8CC40F9B-7627-4B7D-8AF4-22DE1908CABA}.forOperator|x86.Build.0 = forOperator|Win32
		{8CC40F9B-7627-4B7D-8AF4-22DE1908CABA}.forThai|x86.ActiveCfg = forThai|Win32
		{8CC40F9B-7627-4B7D-8AF4-22DE1908CABA}.forThai|x86.Build.0 = forThai|Win32
		{8CC40F9B-7627-4B7D-8AF4-22DE1908CABA}.forThaiOperator|x86.ActiveCfg = forThaiOperator|Win32
		{8CC40F9B-7627-4B7D-8AF4-22DE1908CABA}.forThaiOperator|x86.Build.0 = forThaiOperator|Win32
		{8CC40F9B-7627-4B7D-8AF4-22DE1908CABA}.forUSA|x86.ActiveCfg = forUSA|Win32
		{8CC40F9B-7627-4B7D-8AF4-22DE1908CABA}.forUSA|x86.Build.0 = forUSA|Win32
		{8CC40F9B-7627-4B7D-8AF4-22DE1908CABA}.forUSAOperator|x86.ActiveCfg = forUSAOperator|Win32
		{8CC40F9B-7627-4B7D-8AF4-22DE1908CABA}.forUSAOperator|x86.Build.0 = forUSAOperator|Win32
		{8CC40F9B-7627-4B7D-8AF4-22DE1908CABA}.forWCG|x86.ActiveCfg = forUSAOperator|Win32
		{8CC40F9B-7627-4B7D-8AF4-22DE1908CABA}.forWCG|x86.Build.0 = forUSAOperator|Win32
		{8CC40F9B-7627-4B7D-8AF4-22DE1908CABA}.HS|x86.ActiveCfg = Debug|Win32
		{8CC40F9B-7627-4B7D-8AF4-22DE1908CABA}.HS|x86.Build.0 = Debug|Win32
		{8CC40F9B-7627-4B7D-8AF4-22DE1908CABA}.japan|x86.ActiveCfg = Debug|Win32
		{8CC40F9B-7627-4B7D-8AF4-22DE1908CABA}.japan|x86.Build.0 = Debug|Win32
		{8CC40F9B-7627-4B7D-8AF4-22DE1908CABA}.japanHanGame|x86.ActiveCfg = Debug|Win32
		{8CC40F9B-7627-4B7D-8AF4-22DE1908CABA}.japanHanGame|x86.Build.0 = Debug|Win32
		{8CC40F9B-7627-4B7D-8AF4-22DE1908CABA}.Release|x86.ActiveCfg = Release|Win32
		{8CC40F9B-7627-4B7D-8AF4-22DE1908CABA}.Release|x86.Build.0 = Release|Win32
		{8CC40F9B-7627-4B7D-8AF4-22DE1908CABA}.Template|x86.ActiveCfg = Template|Win32
		{8CC40F9B-7627-4B7D-8AF4-22DE1908CABA}.Template|x86.Build.0 = Template|Win32
		{8CC40F9B-7627-4B7D-8AF4-22DE1908CABA}.testForJapan|x86.ActiveCfg = TestForJapan|Win32
		{8CC40F9B-7627-4B7D-8AF4-22DE1908CABA}.testForJapan|x86.Build.0 = TestForJapan|Win32
		{CF20A51B-7160-4681-9E06-F351FC44EA42}.Convertor|x86.ActiveCfg = Debug|Win32
		{CF20A51B-7160-4681-9E06-F351FC44EA42}.Convertor|x86.Build.0 = Debug|Win32
		{CF20A51B-7160-4681-9E06-F351FC44EA42}.Debug|x86.ActiveCfg = Debug|Win32
		{CF20A51B-7160-4681-9E06-F351FC44EA42}.Debug|x86.Build.0 = Debug|Win32
		{CF20A51B-7160-4681-9E06-F351FC44EA42}.DEV|x86.ActiveCfg = Debug|Win32
		{CF20A51B-7160-4681-9E06-F351FC44EA42}.DEV|x86.Build.0 = Debug|Win32
		{CF20A51B-7160-4681-9E06-F351FC44EA42}.Eng|x86.ActiveCfg = Debug|Win32
		{CF20A51B-7160-4681-9E06-F351FC44EA42}.Eng|x86.Build.0 = Debug|Win32
		{CF20A51B-7160-4681-9E06-F351FC44EA42}.forChina|x86.ActiveCfg = Debug|Win32
		{CF20A51B-7160-4681-9E06-F351FC44EA42}.forChina|x86.Build.0 = Debug|Win32
		{CF20A51B-7160-4681-9E06-F351FC44EA42}.forInner|x86.ActiveCfg = Debug|Win32
		{CF20A51B-7160-4681-9E06-F351FC44EA42}.forInner|x86.Build.0 = Debug|Win32
		{CF20A51B-7160-4681-9E06-F351FC44EA42}.forInter|x86.ActiveCfg = Debug|Win32
		{CF20A51B-7160-4681-9E06-F351FC44EA42}.forInter|x86.Build.0 = Debug|Win32
		{CF20A51B-7160-4681-9E06-F351FC44EA42}.forInternational|x86.ActiveCfg = Debug|Win32
		{CF20A51B-7160-4681-9E06-F351FC44EA42}.forInternational|x86.Build.0 = Debug|Win32
		{CF20A51B-7160-4681-9E06-F351FC44EA42}.forJapan|x86.ActiveCfg = Debug|Win32
		{CF20A51B-7160-4681-9E06-F351FC44EA42}.forJapan|x86.Build.0 = Debug|Win32
		{CF20A51B-7160-4681-9E06-F351FC44EA42}.forJapanOperator|x86.ActiveCfg = Debug|Win32
		{CF20A51B-7160-4681-9E06-F351FC44EA42}.forJapanOperator|x86.Build.0 = Debug|Win32
		{CF20A51B-7160-4681-9E06-F351FC44EA42}.forOperator|x86.ActiveCfg = Debug|Win32
		{CF20A51B-7160-4681-9E06-F351FC44EA42}.forOperator|x86.Build.0 = Debug|Win32
		{CF20A51B-7160-4681-9E06-F351FC44EA42}.forThai|x86.ActiveCfg = Debug|Win32
		{CF20A51B-7160-4681-9E06-F351FC44EA42}.forThai|x86.Build.0 = Debug|Win32
		{CF20A51B-7160-4681-9E06-F351FC44EA42}.forThaiOperator|x86.ActiveCfg = Debug|Win32
		{CF20A51B-7160-4681-9E06-F351FC44EA42}.forThaiOperator|x86.Build.0 = Debug|Win32
		{CF20A51B-7160-4681-9E06-F351FC44EA42}.forUSA|x86.ActiveCfg = Debug|Win32
		{CF20A51B-7160-4681-9E06-F351FC44EA42}.forUSA|x86.Build.0 = Debug|Win32
		{CF20A51B-7160-4681-9E06-F351FC44EA42}.forUSAOperator|x86.ActiveCfg = Debug|Win32
		{CF20A51B-7160-4681-9E06-F351FC44EA42}.forUSAOperator|x86.Build.0 = Debug|Win32
		{CF20A51B-7160-4681-9E06-F351FC44EA42}.forWCG|x86.ActiveCfg = Debug|Win32
		{CF20A51B-7160-4681-9E06-F351FC44EA42}.forWCG|x86.Build.0 = Debug|Win32
		{CF20A51B-7160-4681-9E06-F351FC44EA42}.HS|x86.ActiveCfg = Debug|Win32
		{CF20A51B-7160-4681-9E06-F351FC44EA42}.HS|x86.Build.0 = Debug|Win32
		{CF20A51B-7160-4681-9E06-F351FC44EA42}.japan|x86.ActiveCfg = Debug|Win32
		{CF20A51B-7160-4681-9E06-F351FC44EA42}.japan|x86.Build.0 = Debug|Win32
		{CF20A51B-7160-4681-9E06-F351FC44EA42}.japanHanGame|x86.ActiveCfg = Debug|Win32
		{CF20A51B-7160-4681-9E06-F351FC44EA42}.japanHanGame|x86.Build.0 = Debug|Win32
		{CF20A51B-7160-4681-9E06-F351FC44EA42}.Release|x86.ActiveCfg = Release|Win32
		{CF20A51B-7160-4681-9E06-F351FC44EA42}.Release|x86.Build.0 = Release|Win32
		{CF20A51B-7160-4681-9E06-F351FC44EA42}.Template|x86.ActiveCfg = Template|Win32
		{CF20A51B-7160-4681-9E06-F351FC44EA42}.Template|x86.Build.0 = Template|Win32
		{CF20A51B-7160-4681-9E06-F351FC44EA42}.testForJapan|x86.ActiveCfg = Template|Win32
		{CF20A51B-7160-4681-9E06-F351FC44EA42}.testForJapan|x86.Build.0 = Template|Win32
		{FA3DD1AD-FCF3-46C2-88A2-49474C2F4B10}.Convertor|x86.ActiveCfg = Debug|Win32
		{FA3DD1AD-FCF3-46C2-88A2-49474C2F4B10}.Convertor|x86.Build.0 = Debug|Win32
		{FA3DD1AD-FCF3-46C2-88A2-49474C2F4B10}.Debug|x86.ActiveCfg = Debug|Win32
		{FA3DD1AD-FCF3-46C2-88A2-49474C2F4B10}.Debug|x86.Build.0 = Debug|Win32
		{FA3DD1AD-FCF3-46C2-88A2-49474C2F4B10}.DEV|x86.ActiveCfg = Debug|Win32
		{FA3DD1AD-FCF3-46C2-88A2-49474C2F4B10}.DEV|x86.Build.0 = Debug|Win32
		{FA3DD1AD-FCF3-46C2-88A2-49474C2F4B10}.Eng|x86.ActiveCfg = Debug|Win32
		{FA3DD1AD-FCF3-46C2-88A2-49474C2F4B10}.Eng|x86.Build.0 = Debug|Win32
		{FA3DD1AD-FCF3-46C2-88A2-49474C2F4B10}.forChina|x86.ActiveCfg = Debug|Win32
		{FA3DD1AD-FCF3-46C2-88A2-49474C2F4B10}.forChina|x86.Build.0 = Debug|Win32
		{FA3DD1AD-FCF3-46C2-88A2-49474C2F4B10}.forInner|x86.ActiveCfg = Debug|Win32
		{FA3DD1AD-FCF3-46C2-88A2-49474C2F4B10}.forInner|x86.Build.0 = Debug|Win32
		{FA3DD1AD-FCF3-46C2-88A2-49474C2F4B10}.forInter|x86.ActiveCfg = Debug|Win32
		{FA3DD1AD-FCF3-46C2-88A2-49474C2F4B10}.forInter|x86.Build.0 = Debug|Win32
		{FA3DD1AD-FCF3-46C2-88A2-49474C2F4B10}.forInternational|x86.ActiveCfg = Debug|Win32
		{FA3DD1AD-FCF3-46C2-88A2-49474C2F4B10}.forInternational|x86.Build.0 = Debug|Win32
		{FA3DD1AD-FCF3-46C2-88A2-49474C2F4B10}.forJapan|x86.ActiveCfg = Debug|Win32
		{FA3DD1AD-FCF3-46C2-88A2-49474C2F4B10}.forJapan|x86.Build.0 = Debug|Win32
		{FA3DD1AD-FCF3-46C2-88A2-49474C2F4B10}.forJapanOperator|x86.ActiveCfg = Debug|Win32
		{FA3DD1AD-FCF3-46C2-88A2-49474C2F4B10}.forJapanOperator|x86.Build.0 = Debug|Win32
		{FA3DD1AD-FCF3-46C2-88A2-49474C2F4B10}.forOperator|x86.ActiveCfg = Debug|Win32
		{FA3DD1AD-FCF3-46C2-88A2-49474C2F4B10}.forOperator|x86.Build.0 = Debug|Win32
		{FA3DD1AD-FCF3-46C2-88A2-49474C2F4B10}.forThai|x86.ActiveCfg = Debug|Win32
		{FA3DD1AD-FCF3-46C2-88A2-49474C2F4B10}.forThai|x86.Build.0 = Debug|Win32
		{FA3DD1AD-FCF3-46C2-88A2-49474C2F4B10}.forThaiOperator|x86.ActiveCfg = Debug|Win32
		{FA3DD1AD-FCF3-46C2-88A2-49474C2F4B10}.forThaiOperator|x86.Build.0 = Debug|Win32
		{FA3DD1AD-FCF3-46C2-88A2-49474C2F4B10}.forUSA|x86.ActiveCfg = Debug|Win32
		{FA3DD1AD-FCF3-46C2-88A2-49474C2F4B10}.forUSA|x86.Build.0 = Debug|Win32
		{FA3DD1AD-FCF3-46C2-88A2-49474C2F4B10}.forUSAOperator|x86.ActiveCfg = Debug|Win32
		{FA3DD1AD-FCF3-46C2-88A2-49474C2F4B10}.forUSAOperator|x86.Build.0 = Debug|Win32
		{FA3DD1AD-FCF3-46C2-88A2-49474C2F4B10}.forWCG|x86.ActiveCfg = Debug|Win32
		{FA3DD1AD-FCF3-46C2-88A2-49474C2F4B10}.forWCG|x86.Build.0 = Debug|Win32
		{FA3DD1AD-FCF3-46C2-88A2-49474C2F4B10}.HS|x86.ActiveCfg = Debug|Win32
		{FA3DD1AD-FCF3-46C2-88A2-49474C2F4B10}.HS|x86.Build.0 = Debug|Win32
		{FA3DD1AD-FCF3-46C2-88A2-49474C2F4B10}.japan|x86.ActiveCfg = Debug|Win32
		{FA3DD1AD-FCF3-46C2-88A2-49474C2F4B10}.japan|x86.Build.0 = Debug|Win32
		{FA3DD1AD-FCF3-46C2-88A2-49474C2F4B10}.japanHanGame|x86.ActiveCfg = Debug|Win32
		{FA3DD1AD-FCF3-46C2-88A2-49474C2F4B10}.japanHanGame|x86.Build.0 = Debug|Win32
		{FA3DD1AD-FCF3-46C2-88A2-49474C2F4B10}.Release|x86.ActiveCfg = Release|Win32
		{FA3DD1AD-FCF3-46C2-88A2-49474C2F4B10}.Release|x86.Build.0 = Release|Win32
		{FA3DD1AD-FCF3-46C2-88A2-49474C2F4B10}.Template|x86.ActiveCfg = Template|Win32
		{FA3DD1AD-FCF3-46C2-88A2-49474C2F4B10}.Template|x86.Build.0 = Template|Win32
		{FA3DD1AD-FCF3-46C2-88A2-49474C2F4B10}.testForJapan|x86.ActiveCfg = Template|Win32
		{FA3DD1AD-FCF3-46C2-88A2-49474C2F4B10}.testForJapan|x86.Build.0 = Template|Win32
		{49CAED98-A45F-4180-89AE-9C6DF01A8318}.Convertor|x86.ActiveCfg = Debug|Win32
		{49CAED98-A45F-4180-89AE-9C6DF01A8318}.Convertor|x86.Build.0 = Debug|Win32
		{49CAED98-A45F-4180-89AE-9C6DF01A8318}.Debug|x86.ActiveCfg = Debug|Win32
		{49CAED98-A45F-4180-89AE-9C6DF01A8318}.Debug|x86.Build.0 = Debug|Win32
		{49CAED98-A45F-4180-89AE-9C6DF01A8318}.DEV|x86.ActiveCfg = Debug|Win32
		{49CAED98-A45F-4180-89AE-9C6DF01A8318}.DEV|x86.Build.0 = Debug|Win32
		{49CAED98-A45F-4180-89AE-9C6DF01A8318}.Eng|x86.ActiveCfg = Debug|Win32
		{49CAED98-A45F-4180-89AE-9C6DF01A8318}.Eng|x86.Build.0 = Debug|Win32
		{49CAED98-A45F-4180-89AE-9C6DF01A8318}.forChina|x86.ActiveCfg = forInternational|Win32
		{49CAED98-A45F-4180-89AE-9C6DF01A8318}.forChina|x86.Build.0 = forInternational|Win32
		{49CAED98-A45F-4180-89AE-9C6DF01A8318}.forInner|x86.ActiveCfg = forInternational|Win32
		{49CAED98-A45F-4180-89AE-9C6DF01A8318}.forInner|x86.Build.0 = forInternational|Win32
		{49CAED98-A45F-4180-89AE-9C6DF01A8318}.forInter|x86.ActiveCfg = forInternational|Win32
		{49CAED98-A45F-4180-89AE-9C6DF01A8318}.forInter|x86.Build.0 = forInternational|Win32
		{49CAED98-A45F-4180-89AE-9C6DF01A8318}.forInternational|x86.ActiveCfg = forInternational|Win32
		{49CAED98-A45F-4180-89AE-9C6DF01A8318}.forInternational|x86.Build.0 = forInternational|Win32
		{49CAED98-A45F-4180-89AE-9C6DF01A8318}.forJapan|x86.ActiveCfg = forInternational|Win32
		{49CAED98-A45F-4180-89AE-9C6DF01A8318}.forJapan|x86.Build.0 = forInternational|Win32
		{49CAED98-A45F-4180-89AE-9C6DF01A8318}.forJapanOperator|x86.ActiveCfg = forInternational|Win32
		{49CAED98-A45F-4180-89AE-9C6DF01A8318}.forJapanOperator|x86.Build.0 = forInternational|Win32
		{49CAED98-A45F-4180-89AE-9C6DF01A8318}.forOperator|x86.ActiveCfg = forInternational|Win32
		{49CAED98-A45F-4180-89AE-9C6DF01A8318}.forOperator|x86.Build.0 = forInternational|Win32
		{49CAED98-A45F-4180-89AE-9C6DF01A8318}.forThai|x86.ActiveCfg = forThai|Win32
		{49CAED98-A45F-4180-89AE-9C6DF01A8318}.forThai|x86.Build.0 = forThai|Win32
		{49CAED98-A45F-4180-89AE-9C6DF01A8318}.forThaiOperator|x86.ActiveCfg = forThai|Win32
		{49CAED98-A45F-4180-89AE-9C6DF01A8318}.forThaiOperator|x86.Build.0 = forThai|Win32
		{49CAED98-A45F-4180-89AE-9C6DF01A8318}.forUSA|x86.ActiveCfg = forInternational|Win32
		{49CAED98-A45F-4180-89AE-9C6DF01A8318}.forUSA|x86.Build.0 = forInternational|Win32
		{49CAED98-A45F-4180-89AE-9C6DF01A8318}.forUSAOperator|x86.ActiveCfg = forInternational|Win32
		{49CAED98-A45F-4180-89AE-9C6DF01A8318}.forUSAOperator|x86.Build.0 = forInternational|Win32
		{49CAED98-A45F-4180-89AE-9C6DF01A8318}.forWCG|x86.ActiveCfg = forInternational|Win32
		{49CAED98-A45F-4180-89AE-9C6DF01A8318}.forWCG|x86.Build.0 = forInternational|Win32
		{49CAED98-A45F-4180-89AE-9C6DF01A8318}.HS|x86.ActiveCfg = Debug|Win32
		{49CAED98-A45F-4180-89AE-9C6DF01A8318}.HS|x86.Build.0 = Debug|Win32
		{49CAED98-A45F-4180-89AE-9C6DF01A8318}.japan|x86.ActiveCfg = Debug|Win32
		{49CAED98-A45F-4180-89AE-9C6DF01A8318}.japan|x86.Build.0 = Debug|Win32
		{49CAED98-A45F-4180-89AE-9C6DF01A8318}.japanHanGame|x86.ActiveCfg = Debug|Win32
		{49CAED98-A45F-4180-89AE-9C6DF01A8318}.japanHanGame|x86.Build.0 = Debug|Win32
		{49CAED98-A45F-4180-89AE-9C6DF01A8318}.Release|x86.ActiveCfg = Release|Win32
		{49CAED98-A45F-4180-89AE-9C6DF01A8318}.Release|x86.Build.0 = Release|Win32
		{49CAED98-A45F-4180-89AE-9C6DF01A8318}.Template|x86.ActiveCfg = Template|Win32
		{49CAED98-A45F-4180-89AE-9C6DF01A8318}.Template|x86.Build.0 = Template|Win32
		{49CAED98-A45F-4180-89AE-9C6DF01A8318}.testForJapan|x86.ActiveCfg = Template|Win32
		{49CAED98-A45F-4180-89AE-9C6DF01A8318}.testForJapan|x86.Build.0 = Template|Win32
		{BD25E6CA-AD13-4742-AB78-B0D87B6CED4C}.Convertor|x86.ActiveCfg = Debug|Win32
		{BD25E6CA-AD13-4742-AB78-B0D87B6CED4C}.Convertor|x86.Build.0 = Debug|Win32
		{BD25E6CA-AD13-4742-AB78-B0D87B6CED4C}.Debug|x86.ActiveCfg = Debug|Win32
		{BD25E6CA-AD13-4742-AB78-B0D87B6CED4C}.Debug|x86.Build.0 = Debug|Win32
		{BD25E6CA-AD13-4742-AB78-B0D87B6CED4C}.DEV|x86.ActiveCfg = Debug|Win32
		{BD25E6CA-AD13-4742-AB78-B0D87B6CED4C}.DEV|x86.Build.0 = Debug|Win32
		{BD25E6CA-AD13-4742-AB78-B0D87B6CED4C}.Eng|x86.ActiveCfg = Debug|Win32
		{BD25E6CA-AD13-4742-AB78-B0D87B6CED4C}.Eng|x86.Build.0 = Debug|Win32
		{BD25E6CA-AD13-4742-AB78-B0D87B6CED4C}.forChina|x86.ActiveCfg = forChina|Win32
		{BD25E6CA-AD13-4742-AB78-B0D87B6CED4C}.forChina|x86.Build.0 = forChina|Win32
		{BD25E6CA-AD13-4742-AB78-B0D87B6CED4C}.forInner|x86.ActiveCfg = forInter|Win32
		{BD25E6CA-AD13-4742-AB78-B0D87B6CED4C}.forInner|x86.Build.0 = forInter|Win32
		{BD25E6CA-AD13-4742-AB78-B0D87B6CED4C}.forInter|x86.ActiveCfg = forInter|Win32
		{BD25E6CA-AD13-4742-AB78-B0D87B6CED4C}.forInter|x86.Build.0 = forInter|Win32
		{BD25E6CA-AD13-4742-AB78-B0D87B6CED4C}.forInternational|x86.ActiveCfg = forInter|Win32
		{BD25E6CA-AD13-4742-AB78-B0D87B6CED4C}.forInternational|x86.Build.0 = forInter|Win32
		{BD25E6CA-AD13-4742-AB78-B0D87B6CED4C}.forJapan|x86.ActiveCfg = forWCG|Win32
		{BD25E6CA-AD13-4742-AB78-B0D87B6CED4C}.forJapan|x86.Build.0 = forWCG|Win32
		{BD25E6CA-AD13-4742-AB78-B0D87B6CED4C}.forJapanOperator|x86.ActiveCfg = forWCG|Win32
		{BD25E6CA-AD13-4742-AB78-B0D87B6CED4C}.forJapanOperator|x86.Build.0 = forWCG|Win32
		{BD25E6CA-AD13-4742-AB78-B0D87B6CED4C}.forOperator|x86.ActiveCfg = forWCG|Win32
		{BD25E6CA-AD13-4742-AB78-B0D87B6CED4C}.forOperator|x86.Build.0 = forWCG|Win32
		{BD25E6CA-AD13-4742-AB78-B0D87B6CED4C}.forThai|x86.ActiveCfg = forThai|Win32
		{BD25E6CA-AD13-4742-AB78-B0D87B6CED4C}.forThai|x86.Build.0 = forThai|Win32
		{BD25E6CA-AD13-4742-AB78-B0D87B6CED4C}.forThaiOperator|x86.ActiveCfg = forThai|Win32
		{BD25E6CA-AD13-4742-AB78-B0D87B6CED4C}.forThaiOperator|x86.Build.0 = forThai|Win32
		{BD25E6CA-AD13-4742-AB78-B0D87B6CED4C}.forUSA|x86.ActiveCfg = forUSA|Win32
		{BD25E6CA-AD13-4742-AB78-B0D87B6CED4C}.forUSA|x86.Build.0 = forUSA|Win32
		{BD25E6CA-AD13-4742-AB78-B0D87B6CED4C}.forUSAOperator|x86.ActiveCfg = forUSA|Win32
		{BD25E6CA-AD13-4742-AB78-B0D87B6CED4C}.forUSAOperator|x86.Build.0 = forUSA|Win32
		{BD25E6CA-AD13-4742-AB78-B0D87B6CED4C}.forWCG|x86.ActiveCfg = forWCG|Win32
		{BD25E6CA-AD13-4742-AB78-B0D87B6CED4C}.forWCG|x86.Build.0 = forWCG|Win32
		{BD25E6CA-AD13-4742-AB78-B0D87B6CED4C}.HS|x86.ActiveCfg = Debug|Win32
		{BD25E6CA-AD13-4742-AB78-B0D87B6CED4C}.HS|x86.Build.0 = Debug|Win32
		{BD25E6CA-AD13-4742-AB78-B0D87B6CED4C}.japan|x86.ActiveCfg = Debug|Win32
		{BD25E6CA-AD13-4742-AB78-B0D87B6CED4C}.japan|x86.Build.0 = Debug|Win32
		{BD25E6CA-AD13-4742-AB78-B0D87B6CED4C}.japanHanGame|x86.ActiveCfg = Debug|Win32
		{BD25E6CA-AD13-4742-AB78-B0D87B6CED4C}.japanHanGame|x86.Build.0 = Debug|Win32
		{BD25E6CA-AD13-4742-AB78-B0D87B6CED4C}.Release|x86.ActiveCfg = Release|Win32
		{BD25E6CA-AD13-4742-AB78-B0D87B6CED4C}.Release|x86.Build.0 = Release|Win32
		{BD25E6CA-AD13-4742-AB78-B0D87B6CED4C}.Template|x86.ActiveCfg = Template|Win32
		{BD25E6CA-AD13-4742-AB78-B0D87B6CED4C}.Template|x86.Build.0 = Template|Win32
		{BD25E6CA-AD13-4742-AB78-B0D87B6CED4C}.testForJapan|x86.ActiveCfg = Template|Win32
		{BD25E6CA-AD13-4742-AB78-B0D87B6CED4C}.testForJapan|x86.Build.0 = Template|Win32
		{82BB7581-42B5-420B-8220-ADE2C81CB22C}.Convertor|x86.ActiveCfg = Debug|Win32
		{82BB7581-42B5-420B-8220-ADE2C81CB22C}.Convertor|x86.Build.0 = Debug|Win32
		{82BB7581-42B5-420B-8220-ADE2C81CB22C}.Debug|x86.ActiveCfg = Debug|Win32
		{82BB7581-42B5-420B-8220-ADE2C81CB22C}.Debug|x86.Build.0 = Debug|Win32
		{82BB7581-42B5-420B-8220-ADE2C81CB22C}.DEV|x86.ActiveCfg = Debug|Win32
		{82BB7581-42B5-420B-8220-ADE2C81CB22C}.DEV|x86.Build.0 = Debug|Win32
		{82BB7581-42B5-420B-8220-ADE2C81CB22C}.Eng|x86.ActiveCfg = Debug|Win32
		{82BB7581-42B5-420B-8220-ADE2C81CB22C}.Eng|x86.Build.0 = Debug|Win32
		{82BB7581-42B5-420B-8220-ADE2C81CB22C}.forChina|x86.ActiveCfg = forUSA|Win32
		{82BB7581-42B5-420B-8220-ADE2C81CB22C}.forChina|x86.Build.0 = forUSA|Win32
		{82BB7581-42B5-420B-8220-ADE2C81CB22C}.forInner|x86.ActiveCfg = forUSA|Win32
		{82BB7581-42B5-420B-8220-ADE2C81CB22C}.forInner|x86.Build.0 = forUSA|Win32
		{82BB7581-42B5-420B-8220-ADE2C81CB22C}.forInter|x86.ActiveCfg = forUSA|Win32
		{82BB7581-42B5-420B-8220-ADE2C81CB22C}.forInter|x86.Build.0 = forUSA|Win32
		{82BB7581-42B5-420B-8220-ADE2C81CB22C}.forInternational|x86.ActiveCfg = forUSA|Win32
		{82BB7581-42B5-420B-8220-ADE2C81CB22C}.forInternational|x86.Build.0 = forUSA|Win32
		{82BB7581-42B5-420B-8220-ADE2C81CB22C}.forJapan|x86.ActiveCfg = forUSA|Win32
		{82BB7581-42B5-420B-8220-ADE2C81CB22C}.forJapan|x86.Build.0 = forUSA|Win32
		{82BB7581-42B5-420B-8220-ADE2C81CB22C}.forJapanOperator|x86.ActiveCfg = forUSA|Win32
		{82BB7581-42B5-420B-8220-ADE2C81CB22C}.forJapanOperator|x86.Build.0 = forUSA|Win32
		{82BB7581-42B5-420B-8220-ADE2C81CB22C}.forOperator|x86.ActiveCfg = forUSA|Win32
		{82BB7581-42B5-420B-8220-ADE2C81CB22C}.forOperator|x86.Build.0 = forUSA|Win32
		{82BB7581-42B5-420B-8220-ADE2C81CB22C}.forThai|x86.ActiveCfg = forThai|Win32
		{82BB7581-42B5-420B-8220-ADE2C81CB22C}.forThai|x86.Build.0 = forThai|Win32
		{82BB7581-42B5-420B-8220-ADE2C81CB22C}.forThaiOperator|x86.ActiveCfg = forThai|Win32
		{82BB7581-42B5-420B-8220-ADE2C81CB22C}.forThaiOperator|x86.Build.0 = forThai|Win32
		{82BB7581-42B5-420B-8220-ADE2C81CB22C}.forUSA|x86.ActiveCfg = forUSA|Win32
		{82BB7581-42B5-420B-8220-ADE2C81CB22C}.forUSA|x86.Build.0 = forUSA|Win32
		{82BB7581-42B5-420B-8220-ADE2C81CB22C}.forUSAOperator|x86.ActiveCfg = forUSA|Win32
		{82BB7581-42B5-420B-8220-ADE2C81CB22C}.forUSAOperator|x86.Build.0 = forUSA|Win32
		{82BB7581-42B5-420B-8220-ADE2C81CB22C}.forWCG|x86.ActiveCfg = forUSA|Win32
		{82BB7581-42B5-420B-8220-ADE2C81CB22C}.forWCG|x86.Build.0 = forUSA|Win32
		{82BB7581-42B5-420B-8220-ADE2C81CB22C}.HS|x86.ActiveCfg = Debug|Win32
		{82BB7581-42B5-420B-8220-ADE2C81CB22C}.HS|x86.Build.0 = Debug|Win32
		{82BB7581-42B5-420B-8220-ADE2C81CB22C}.japan|x86.ActiveCfg = japan|Win32
		{82BB7581-42B5-420B-8220-ADE2C81CB22C}.japan|x86.Build.0 = japan|Win32
		{82BB7581-42B5-420B-8220-ADE2C81CB22C}.japanHanGame|x86.ActiveCfg = japan|Win32
		{82BB7581-42B5-420B-8220-ADE2C81CB22C}.japanHanGame|x86.Build.0 = japan|Win32
		{82BB7581-42B5-420B-8220-ADE2C81CB22C}.Release|x86.ActiveCfg = Release|Win32
		{82BB7581-42B5-420B-8220-ADE2C81CB22C}.Release|x86.Build.0 = Release|Win32
		{82BB7581-42B5-420B-8220-ADE2C81CB22C}.Template|x86.ActiveCfg = Template|Win32
		{82BB7581-42B5-420B-8220-ADE2C81CB22C}.Template|x86.Build.0 = Template|Win32
		{82BB7581-42B5-420B-8220-ADE2C81CB22C}.testForJapan|x86.ActiveCfg = Template|Win32
		{82BB7581-42B5-420B-8220-ADE2C81CB22C}.testForJapan|x86.Build.0 = Template|Win32
		{E2F57183-A271-4C88-93B6-AE497DFD83B7}.Convertor|x86.ActiveCfg = Debug|Win32
		{E2F57183-A271-4C88-93B6-AE497DFD83B7}.Convertor|x86.Build.0 = Debug|Win32
		{E2F57183-A271-4C88-93B6-AE497DFD83B7}.Debug|x86.ActiveCfg = Debug|Win32
		{E2F57183-A271-4C88-93B6-AE497DFD83B7}.Debug|x86.Build.0 = Debug|Win32
		{E2F57183-A271-4C88-93B6-AE497DFD83B7}.DEV|x86.ActiveCfg = Debug|Win32
		{E2F57183-A271-4C88-93B6-AE497DFD83B7}.DEV|x86.Build.0 = Debug|Win32
		{E2F57183-A271-4C88-93B6-AE497DFD83B7}.Eng|x86.ActiveCfg = Debug|Win32
		{E2F57183-A271-4C88-93B6-AE497DFD83B7}.Eng|x86.Build.0 = Debug|Win32
		{E2F57183-A271-4C88-93B6-AE497DFD83B7}.forChina|x86.ActiveCfg = forUSA|Win32
		{E2F57183-A271-4C88-93B6-AE497DFD83B7}.forChina|x86.Build.0 = forUSA|Win32
		{E2F57183-A271-4C88-93B6-AE497DFD83B7}.forInner|x86.ActiveCfg = forInter|Win32
		{E2F57183-A271-4C88-93B6-AE497DFD83B7}.forInner|x86.Build.0 = forInter|Win32
		{E2F57183-A271-4C88-93B6-AE497DFD83B7}.forInter|x86.ActiveCfg = forInter|Win32
		{E2F57183-A271-4C88-93B6-AE497DFD83B7}.forInter|x86.Build.0 = forInter|Win32
		{E2F57183-A271-4C88-93B6-AE497DFD83B7}.forInternational|x86.ActiveCfg = forInter|Win32
		{E2F57183-A271-4C88-93B6-AE497DFD83B7}.forInternational|x86.Build.0 = forInter|Win32
		{E2F57183-A271-4C88-93B6-AE497DFD83B7}.forJapan|x86.ActiveCfg = forUSA|Win32
		{E2F57183-A271-4C88-93B6-AE497DFD83B7}.forJapan|x86.Build.0 = forUSA|Win32
		{E2F57183-A271-4C88-93B6-AE497DFD83B7}.forJapanOperator|x86.ActiveCfg = forUSA|Win32
		{E2F57183-A271-4C88-93B6-AE497DFD83B7}.forJapanOperator|x86.Build.0 = forUSA|Win32
		{E2F57183-A271-4C88-93B6-AE497DFD83B7}.forOperator|x86.ActiveCfg = forUSA|Win32
		{E2F57183-A271-4C88-93B6-AE497DFD83B7}.forOperator|x86.Build.0 = forUSA|Win32
		{E2F57183-A271-4C88-93B6-AE497DFD83B7}.forThai|x86.ActiveCfg = forThai|Win32
		{E2F57183-A271-4C88-93B6-AE497DFD83B7}.forThai|x86.Build.0 = forThai|Win32
		{E2F57183-A271-4C88-93B6-AE497DFD83B7}.forThaiOperator|x86.ActiveCfg = forThai|Win32
		{E2F57183-A271-4C88-93B6-AE497DFD83B7}.forThaiOperator|x86.Build.0 = forThai|Win32
		{E2F57183-A271-4C88-93B6-AE497DFD83B7}.forUSA|x86.ActiveCfg = forUSA|Win32
		{E2F57183-A271-4C88-93B6-AE497DFD83B7}.forUSA|x86.Build.0 = forUSA|Win32
		{E2F57183-A271-4C88-93B6-AE497DFD83B7}.forUSAOperator|x86.ActiveCfg = forUSA|Win32
		{E2F57183-A271-4C88-93B6-AE497DFD83B7}.forUSAOperator|x86.Build.0 = forUSA|Win32
		{E2F57183-A271-4C88-93B6-AE497DFD83B7}.forWCG|x86.ActiveCfg = forUSA|Win32
		{E2F57183-A271-4C88-93B6-AE497DFD83B7}.forWCG|x86.Build.0 = forUSA|Win32
		{E2F57183-A271-4C88-93B6-AE497DFD83B7}.HS|x86.ActiveCfg = Debug|Win32
		{E2F57183-A271-4C88-93B6-AE497DFD83B7}.HS|x86.Build.0 = Debug|Win32
		{E2F57183-A271-4C88-93B6-AE497DFD83B7}.japan|x86.ActiveCfg = japan|Win32
		{E2F57183-A271-4C88-93B6-AE497DFD83B7}.japan|x86.Build.0 = japan|Win32
		{E2F57183-A271-4C88-93B6-AE497DFD83B7}.japanHanGame|x86.ActiveCfg = japanHanGame|Win32
		{E2F57183-A271-4C88-93B6-AE497DFD83B7}.japanHanGame|x86.Build.0 = japanHanGame|Win32
		{E2F57183-A271-4C88-93B6-AE497DFD83B7}.Release|x86.ActiveCfg = Release|Win32
		{E2F57183-A271-4C88-93B6-AE497DFD83B7}.Release|x86.Build.0 = Release|Win32
		{E2F57183-A271-4C88-93B6-AE497DFD83B7}.Template|x86.ActiveCfg = Template|Win32
		{E2F57183-A271-4C88-93B6-AE497DFD83B7}.Template|x86.Build.0 = Template|Win32
		{E2F57183-A271-4C88-93B6-AE497DFD83B7}.testForJapan|x86.ActiveCfg = Template|Win32
		{E2F57183-A271-4C88-93B6-AE497DFD83B7}.testForJapan|x86.Build.0 = Template|Win32
		{B70EC895-4B8F-467B-AF72-0917B43DA4FD}.Convertor|x86.ActiveCfg = Debug|Win32
		{B70EC895-4B8F-467B-AF72-0917B43DA4FD}.Convertor|x86.Build.0 = Debug|Win32
		{B70EC895-4B8F-467B-AF72-0917B43DA4FD}.Debug|x86.ActiveCfg = Debug|Win32
		{B70EC895-4B8F-467B-AF72-0917B43DA4FD}.Debug|x86.Build.0 = Debug|Win32
		{B70EC895-4B8F-467B-AF72-0917B43DA4FD}.DEV|x86.ActiveCfg = Debug|Win32
		{B70EC895-4B8F-467B-AF72-0917B43DA4FD}.DEV|x86.Build.0 = Debug|Win32
		{B70EC895-4B8F-467B-AF72-0917B43DA4FD}.Eng|x86.ActiveCfg = Debug|Win32
		{B70EC895-4B8F-467B-AF72-0917B43DA4FD}.Eng|x86.Build.0 = Debug|Win32
		{B70EC895-4B8F-467B-AF72-0917B43DA4FD}.forChina|x86.ActiveCfg = forWCG|Win32
		{B70EC895-4B8F-467B-AF72-0917B43DA4FD}.forChina|x86.Build.0 = forWCG|Win32
		{B70EC895-4B8F-467B-AF72-0917B43DA4FD}.forInner|x86.ActiveCfg = forInter|Win32
		{B70EC895-4B8F-467B-AF72-0917B43DA4FD}.forInner|x86.Build.0 = forInter|Win32
		{B70EC895-4B8F-467B-AF72-0917B43DA4FD}.forInter|x86.ActiveCfg = forInter|Win32
		{B70EC895-4B8F-467B-AF72-0917B43DA4FD}.forInter|x86.Build.0 = forInter|Win32
		{B70EC895-4B8F-467B-AF72-0917B43DA4FD}.forInternational|x86.ActiveCfg = forInter|Win32
		{B70EC895-4B8F-467B-AF72-0917B43DA4FD}.forInternational|x86.Build.0 = forInter|Win32
		{B70EC895-4B8F-467B-AF72-0917B43DA4FD}.forJapan|x86.ActiveCfg = japan|Win32
		{B70EC895-4B8F-467B-AF72-0917B43DA4FD}.forJapanOperator|x86.ActiveCfg = forWCG|Win32
		{B70EC895-4B8F-467B-AF72-0917B43DA4FD}.forJapanOperator|x86.Build.0 = forWCG|Win32
		{B70EC895-4B8F-467B-AF72-0917B43DA4FD}.forOperator|x86.ActiveCfg = forWCG|Win32
		{B70EC895-4B8F-467B-AF72-0917B43DA4FD}.forOperator|x86.Build.0 = forWCG|Win32
		{B70EC895-4B8F-467B-AF72-0917B43DA4FD}.forThai|x86.ActiveCfg = forThai|Win32
		{B70EC895-4B8F-467B-AF72-0917B43DA4FD}.forThai|x86.Build.0 = forThai|Win32
		{B70EC895-4B8F-467B-AF72-0917B43DA4FD}.forThaiOperator|x86.ActiveCfg = forThai|Win32
		{B70EC895-4B8F-467B-AF72-0917B43DA4FD}.forThaiOperator|x86.Build.0 = forThai|Win32
		{B70EC895-4B8F-467B-AF72-0917B43DA4FD}.forUSA|x86.ActiveCfg = forUSA|Win32
		{B70EC895-4B8F-467B-AF72-0917B43DA4FD}.forUSA|x86.Build.0 = forUSA|Win32
		{B70EC895-4B8F-467B-AF72-0917B43DA4FD}.forUSAOperator|x86.ActiveCfg = forUSA|Win32
		{B70EC895-4B8F-467B-AF72-0917B43DA4FD}.forUSAOperator|x86.Build.0 = forUSA|Win32
		{B70EC895-4B8F-467B-AF72-0917B43DA4FD}.forWCG|x86.ActiveCfg = forWCG|Win32
		{B70EC895-4B8F-467B-AF72-0917B43DA4FD}.forWCG|x86.Build.0 = forWCG|Win32
		{B70EC895-4B8F-467B-AF72-0917B43DA4FD}.HS|x86.ActiveCfg = Debug|Win32
		{B70EC895-4B8F-467B-AF72-0917B43DA4FD}.HS|x86.Build.0 = Debug|Win32
		{B70EC895-4B8F-467B-AF72-0917B43DA4FD}.japan|x86.ActiveCfg = japan|Win32
		{B70EC895-4B8F-467B-AF72-0917B43DA4FD}.japan|x86.Build.0 = japan|Win32
		{B70EC895-4B8F-467B-AF72-0917B43DA4FD}.japanHanGame|x86.ActiveCfg = japanHanGame|Win32
		{B70EC895-4B8F-467B-AF72-0917B43DA4FD}.japanHanGame|x86.Build.0 = japanHanGame|Win32
		{B70EC895-4B8F-467B-AF72-0917B43DA4FD}.Release|x86.ActiveCfg = Release|Win32
		{B70EC895-4B8F-467B-AF72-0917B43DA4FD}.Release|x86.Build.0 = Release|Win32
		{B70EC895-4B8F-467B-AF72-0917B43DA4FD}.Template|x86.ActiveCfg = Template|Win32
		{B70EC895-4B8F-467B-AF72-0917B43DA4FD}.Template|x86.Build.0 = Template|Win32
		{B70EC895-4B8F-467B-AF72-0917B43DA4FD}.testForJapan|x86.ActiveCfg = Template|Win32
		{B70EC895-4B8F-467B-AF72-0917B43DA4FD}.testForJapan|x86.Build.0 = Template|Win32
		{2B83F10D-596F-4FC8-9B21-D0EB561E22FF}.Convertor|x86.ActiveCfg = Debug|Win32
		{2B83F10D-596F-4FC8-9B21-D0EB561E22FF}.Convertor|x86.Build.0 = Debug|Win32
		{2B83F10D-596F-4FC8-9B21-D0EB561E22FF}.Debug|x86.ActiveCfg = Debug|Win32
		{2B83F10D-596F-4FC8-9B21-D0EB561E22FF}.Debug|x86.Build.0 = Debug|Win32
		{2B83F10D-596F-4FC8-9B21-D0EB561E22FF}.DEV|x86.ActiveCfg = Debug|Win32
		{2B83F10D-596F-4FC8-9B21-D0EB561E22FF}.DEV|x86.Build.0 = Debug|Win32
		{2B83F10D-596F-4FC8-9B21-D0EB561E22FF}.Eng|x86.ActiveCfg = Debug|Win32
		{2B83F10D-596F-4FC8-9B21-D0EB561E22FF}.Eng|x86.Build.0 = Debug|Win32
		{2B83F10D-596F-4FC8-9B21-D0EB561E22FF}.forChina|x86.ActiveCfg = Debug|Win32
		{2B83F10D-596F-4FC8-9B21-D0EB561E22FF}.forChina|x86.Build.0 = Debug|Win32
		{2B83F10D-596F-4FC8-9B21-D0EB561E22FF}.forInner|x86.ActiveCfg = Debug|Win32
		{2B83F10D-596F-4FC8-9B21-D0EB561E22FF}.forInner|x86.Build.0 = Debug|Win32
		{2B83F10D-596F-4FC8-9B21-D0EB561E22FF}.forInter|x86.ActiveCfg = Debug|Win32
		{2B83F10D-596F-4FC8-9B21-D0EB561E22FF}.forInter|x86.Build.0 = Debug|Win32
		{2B83F10D-596F-4FC8-9B21-D0EB561E22FF}.forInternational|x86.ActiveCfg = Debug|Win32
		{2B83F10D-596F-4FC8-9B21-D0EB561E22FF}.forInternational|x86.Build.0 = Debug|Win32
		{2B83F10D-596F-4FC8-9B21-D0EB561E22FF}.forJapan|x86.ActiveCfg = Debug|Win32
		{2B83F10D-596F-4FC8-9B21-D0EB561E22FF}.forJapan|x86.Build.0 = Debug|Win32
		{2B83F10D-596F-4FC8-9B21-D0EB561E22FF}.forJapanOperator|x86.ActiveCfg = Debug|Win32
		{2B83F10D-596F-4FC8-9B21-D0EB561E22FF}.forJapanOperator|x86.Build.0 = Debug|Win32
		{2B83F10D-596F-4FC8-9B21-D0EB561E22FF}.forOperator|x86.ActiveCfg = Debug|Win32
		{2B83F10D-596F-4FC8-9B21-D0EB561E22FF}.forOperator|x86.Build.0 = Debug|Win32
		{2B83F10D-596F-4FC8-9B21-D0EB561E22FF}.forThai|x86.ActiveCfg = Debug|Win32
		{2B83F10D-596F-4FC8-9B21-D0EB561E22FF}.forThai|x86.Build.0 = Debug|Win32
		{2B83F10D-596F-4FC8-9B21-D0EB561E22FF}.forThaiOperator|x86.ActiveCfg = Debug|Win32
		{2B83F10D-596F-4FC8-9B21-D0EB561E22FF}.forThaiOperator|x86.Build.0 = Debug|Win32
		{2B83F10D-596F-4FC8-9B21-D0EB561E22FF}.forUSA|x86.ActiveCfg = Debug|Win32
		{2B83F10D-596F-4FC8-9B21-D0EB561E22FF}.forUSA|x86.Build.0 = Debug|Win32
		{2B83F10D-596F-4FC8-9B21-D0EB561E22FF}.forUSAOperator|x86.ActiveCfg = Debug|Win32
		{2B83F10D-596F-4FC8-9B21-D0EB561E22FF}.forUSAOperator|x86.Build.0 = Debug|Win32
		{2B83F10D-596F-4FC8-9B21-D0EB561E22FF}.forWCG|x86.ActiveCfg = Debug|Win32
		{2B83F10D-596F-4FC8-9B21-D0EB561E22FF}.forWCG|x86.Build.0 = Debug|Win32
		{2B83F10D-596F-4FC8-9B21-D0EB561E22FF}.HS|x86.ActiveCfg = Debug|Win32
		{2B83F10D-596F-4FC8-9B21-D0EB561E22FF}.HS|x86.Build.0 = Debug|Win32
		{2B83F10D-596F-4FC8-9B21-D0EB561E22FF}.japan|x86.ActiveCfg = Debug|Win32
		{2B83F10D-596F-4FC8-9B21-D0EB561E22FF}.japan|x86.Build.0 = Debug|Win32
		{2B83F10D-596F-4FC8-9B21-D0EB561E22FF}.japanHanGame|x86.ActiveCfg = Debug|Win32
		{2B83F10D-596F-4FC8-9B21-D0EB561E22FF}.japanHanGame|x86.Build.0 = Debug|Win32
		{2B83F10D-596F-4FC8-9B21-D0EB561E22FF}.Release|x86.ActiveCfg = Release|Win32
		{2B83F10D-596F-4FC8-9B21-D0EB561E22FF}.Release|x86.Build.0 = Release|Win32
		{2B83F10D-596F-4FC8-9B21-D0EB561E22FF}.Template|x86.ActiveCfg = Template|Win32
		{2B83F10D-596F-4FC8-9B21-D0EB561E22FF}.Template|x86.Build.0 = Template|Win32
		{2B83F10D-596F-4FC8-9B21-D0EB561E22FF}.testForJapan|x86.ActiveCfg = Template|Win32
		{2B83F10D-596F-4FC8-9B21-D0EB561E22FF}.testForJapan|x86.Build.0 = Template|Win32
	EndGlobalSection
	GlobalSection(SolutionProperties) = preSolution
		HideSolutionNode = FALSE
	EndGlobalSection
	GlobalSection(ExtensibilityGlobals) = postSolution
		SolutionGuid = {E589112D-2188-40D1-B73B-911140D03C90}
	EndGlobalSection
EndGlobal
