<?xml version="1.0" encoding="utf-8"?>
<Project ToolsVersion="4.0" xmlns="http://schemas.microsoft.com/developer/msbuild/2003">
  <ItemGroup>
    <Filter Include="Source Files">
      <UniqueIdentifier>{c1157a34-f3c9-4e7e-a050-22bb9e45cb97}</UniqueIdentifier>
      <Extensions>cpp;c;cxx;rc;def;r;odl;idl;hpj;bat</Extensions>
    </Filter>
    <Filter Include="Header Files">
      <UniqueIdentifier>{4f626075-b303-4f8c-975c-48c4098f8aa8}</UniqueIdentifier>
      <Extensions>h;hpp;hxx;hm;inl</Extensions>
    </Filter>
    <Filter Include="common">
      <UniqueIdentifier>{e63216fe-750a-497b-97cc-d606da08ecf7}</UniqueIdentifier>
    </Filter>
    <Filter Include="lib">
      <UniqueIdentifier>{d29e9098-ee49-4554-a7f2-211b9c70c19a}</UniqueIdentifier>
    </Filter>
    <Filter Include="ｹｯ">
      <UniqueIdentifier>{9ec79a60-ab55-4e3a-b03e-7060cefbffee}</UniqueIdentifier>
    </Filter>
    <Filter Include="Resource Files">
      <UniqueIdentifier>{ab1aa636-92c6-46c0-b748-234555d3e2ef}</UniqueIdentifier>
      <Extensions>ico;cur;bmp;dlg;rc2;rct;bin;rgs;gif;jpg;jpeg;jpe</Extensions>
    </Filter>
  </ItemGroup>
  <ItemGroup>
    <ClCompile Include="..\..\common\common\cADO_BASE.cpp">
      <Filter>Source Files</Filter>
    </ClCompile>
    <ClCompile Include="Client.cpp">
      <Filter>Source Files</Filter>
    </ClCompile>
    <ClCompile Include="..\..\common\common\cServerStatus.cpp">
      <Filter>Source Files</Filter>
    </ClCompile>
    <ClCompile Include="..\..\common\common\HardwareInfo.cpp">
      <Filter>Source Files</Filter>
    </ClCompile>
    <ClCompile Include="Logger.cpp">
      <Filter>Source Files</Filter>
    </ClCompile>
    <ClCompile Include="..\..\common\common\Msjexhnd.cpp">
      <Filter>Source Files</Filter>
    </ClCompile>
    <ClCompile Include="Server.cpp">
      <Filter>Source Files</Filter>
    </ClCompile>
    <ClCompile Include="..\..\common\common\cNUX.cpp">
      <Filter>common</Filter>
    </ClCompile>
    <ClCompile Include="..\..\common\common\cScript.cpp">
      <Filter>common</Filter>
    </ClCompile>
    <ClCompile Include="..\..\common\common\cSOCKET.cpp">
      <Filter>common</Filter>
    </ClCompile>
    <ClCompile Include="..\..\common\common\cSRVUTIL.cpp">
      <Filter>common</Filter>
    </ClCompile>
    <ClCompile Include="..\..\common\common\inputConsoleCommand.cpp">
      <Filter>common</Filter>
    </ClCompile>
    <ClCompile Include="..\..\common\common\PacketBuffer.cpp">
      <Filter>common</Filter>
    </ClCompile>
    <ClCompile Include="..\..\common\common\SFC.cpp">
      <Filter>common</Filter>
    </ClCompile>
    <ClCompile Include="..\..\common\common\Tracer.cpp">
      <Filter>common</Filter>
    </ClCompile>
    <ClCompile Include="..\..\common\common\reg_common.cpp">
      <Filter>ｹｯ</Filter>
    </ClCompile>
    <ClCompile Include="..\..\common\common\server_type_define.cpp">
      <Filter>ｹｯ</Filter>
    </ClCompile>
    <ClCompile Include="..\..\common\common\version.cpp">
      <Filter>ｹｯ</Filter>
    </ClCompile>
  </ItemGroup>
  <ItemGroup>
    <ClInclude Include="buildVersion.h">
      <Filter>Header Files</Filter>
    </ClInclude>
    <ClInclude Include="Client.h">
      <Filter>Header Files</Filter>
    </ClInclude>
    <ClInclude Include="Logger.h">
      <Filter>Header Files</Filter>
    </ClInclude>
    <ClInclude Include="..\..\common\common\version.h">
      <Filter>ｹｯ</Filter>
    </ClInclude>
  </ItemGroup>
  <ItemGroup>
    <Library Include="zdll.lib">
      <Filter>lib</Filter>
    </Library>
  </ItemGroup>
  <ItemGroup>
    <Text Include="config-log.txt" />
  </ItemGroup>
</Project>