<?xml version="1.0" encoding="utf-8"?>
<Project ToolsVersion="4.0" xmlns="http://schemas.microsoft.com/developer/msbuild/2003">
  <ItemGroup>
    <Filter Include="Source Files">
      <UniqueIdentifier>{bbc77e0c-ef64-4db1-9940-5eb32d304282}</UniqueIdentifier>
      <Extensions>cpp;c;cxx;rc;def;r;odl;idl;hpj;bat</Extensions>
    </Filter>
    <Filter Include="Header Files">
      <UniqueIdentifier>{ce8322ac-acf8-4abd-8056-778ad4c72a63}</UniqueIdentifier>
      <Extensions>h;hpp;hxx;hm;inl</Extensions>
    </Filter>
    <Filter Include="Resource Files">
      <UniqueIdentifier>{b74f81ce-94fc-46ca-b282-15c92b3e3a8b}</UniqueIdentifier>
      <Extensions>ico;cur;bmp;dlg;rc2;rct;bin;rgs;gif;jpg;jpeg;jpe</Extensions>
    </Filter>
    <Filter Include="PropertyPage">
      <UniqueIdentifier>{d7e67b97-c9aa-43b6-ba4d-c8d3e76fb4a3}</UniqueIdentifier>
    </Filter>
    <Filter Include="Utility">
      <UniqueIdentifier>{c6f77e9f-f10a-409b-aac8-6439e53a4cec}</UniqueIdentifier>
    </Filter>
  </ItemGroup>
  <ItemGroup>
    <ClCompile Include="DlgScheduleSetting.cpp">
      <Filter>Source Files</Filter>
    </ClCompile>
    <ClCompile Include="SMTDlg.cpp">
      <Filter>Source Files</Filter>
    </ClCompile>
    <ClCompile Include="StdAfx.cpp">
      <Filter>Source Files</Filter>
    </ClCompile>
    <ClCompile Include="System Management Tool.cpp">
      <Filter>Source Files</Filter>
    </ClCompile>
    <ClCompile Include="DlgCheckProcess.cpp">
      <Filter>PropertyPage</Filter>
    </ClCompile>
    <ClCompile Include="DlgFileManagement.cpp">
      <Filter>PropertyPage</Filter>
    </ClCompile>
    <ClCompile Include="DlgMonitoring.cpp">
      <Filter>PropertyPage</Filter>
    </ClCompile>
    <ClCompile Include="DlgTimeSetting.cpp">
      <Filter>PropertyPage</Filter>
    </ClCompile>
  </ItemGroup>
  <ItemGroup>
    <ClInclude Include="DlgScheduleSetting.h">
      <Filter>Header Files</Filter>
    </ClInclude>
    <ClInclude Include="Resource.h">
      <Filter>Header Files</Filter>
    </ClInclude>
    <ClInclude Include="Schedule.h">
      <Filter>Header Files</Filter>
    </ClInclude>
    <ClInclude Include="SMTDlg.h">
      <Filter>Header Files</Filter>
    </ClInclude>
    <ClInclude Include="StdAfx.h">
      <Filter>Header Files</Filter>
    </ClInclude>
    <ClInclude Include="System Management Tool.h">
      <Filter>Header Files</Filter>
    </ClInclude>
    <ClInclude Include="DlgCheckProcess.h">
      <Filter>PropertyPage</Filter>
    </ClInclude>
    <ClInclude Include="DlgFileManagement.h">
      <Filter>PropertyPage</Filter>
    </ClInclude>
    <ClInclude Include="DlgMonitoring.h">
      <Filter>PropertyPage</Filter>
    </ClInclude>
    <ClInclude Include="DlgTimeSetting.h">
      <Filter>PropertyPage</Filter>
    </ClInclude>
  </ItemGroup>
  <ItemGroup>
    <ResourceCompile Include="System Management Tool.rc">
      <Filter>Header Files</Filter>
    </ResourceCompile>
  </ItemGroup>
  <ItemGroup>
    <Image Include="res\System Management Tool.ico">
      <Filter>Resource Files</Filter>
    </Image>
  </ItemGroup>
  <ItemGroup>
    <Text Include="ReadMe.txt" />
  </ItemGroup>
  <ItemGroup>
    <CustomBuild Include="res\System Management Tool.rc2">
      <Filter>Resource Files</Filter>
    </CustomBuild>
  </ItemGroup>
</Project>