<?xml version="1.0" encoding="utf-8"?>
<Project ToolsVersion="4.0" xmlns="http://schemas.microsoft.com/developer/msbuild/2003">
  <ItemGroup>
    <Filter Include="Source Files">
      <UniqueIdentifier>{61308a40-9ff7-49d7-abce-867a7442ff5f}</UniqueIdentifier>
      <Extensions>cpp;c;cxx;rc;def;r;odl;idl;hpj;bat</Extensions>
    </Filter>
    <Filter Include="Header Files">
      <UniqueIdentifier>{4e1e3896-125a-4893-a201-4dfd0af3cfc6}</UniqueIdentifier>
      <Extensions>h;hpp;hxx;hm;inl</Extensions>
    </Filter>
    <Filter Include="Resource Files">
      <UniqueIdentifier>{08d4bc6e-9777-4417-809b-4bf7c9a51d17}</UniqueIdentifier>
      <Extensions>ico;cur;bmp;dlg;rc2;rct;bin;rgs;gif;jpg;jpeg;jpe</Extensions>
    </Filter>
    <Filter Include="ｹｯ">
      <UniqueIdentifier>{86862df2-e8ff-4da3-9ec3-f690f35eac61}</UniqueIdentifier>
    </Filter>
  </ItemGroup>
  <ItemGroup>
    <ClCompile Include="CClient.cpp">
      <Filter>Source Files</Filter>
    </ClCompile>
    <ClCompile Include="CDataManager.cpp">
      <Filter>Source Files</Filter>
    </ClCompile>
    <ClCompile Include="..\redstone_dbserver\CPlayerBuff.cpp">
      <Filter>Source Files</Filter>
    </ClCompile>
    <ClCompile Include="..\..\common\common\CSharedMemory.cpp">
      <Filter>Source Files</Filter>
    </ClCompile>
    <ClCompile Include="..\..\common\common\SFC.cpp">
      <Filter>Source Files</Filter>
    </ClCompile>
    <ClCompile Include="SMManager.cpp">
      <Filter>Source Files</Filter>
    </ClCompile>
    <ClCompile Include="SMManagerDlg.cpp">
      <Filter>Source Files</Filter>
    </ClCompile>
    <ClCompile Include="StdAfx.cpp">
      <Filter>Source Files</Filter>
    </ClCompile>
    <ClCompile Include="..\..\common\common\reg_common.cpp">
      <Filter>ｹｯ</Filter>
    </ClCompile>
    <ClCompile Include="..\..\common\common\server_type_define.cpp">
      <Filter>ｹｯ</Filter>
    </ClCompile>
    <ClCompile Include="..\..\common\common\version.cpp">
      <Filter>ｹｯ</Filter>
    </ClCompile>
  </ItemGroup>
  <ItemGroup>
    <ResourceCompile Include="SMManager.rc">
      <Filter>Source Files</Filter>
    </ResourceCompile>
  </ItemGroup>
  <ItemGroup>
    <ClInclude Include="buildVersion.h">
      <Filter>Header Files</Filter>
    </ClInclude>
    <ClInclude Include="CDataManager.h">
      <Filter>Header Files</Filter>
    </ClInclude>
    <ClInclude Include="Resource.h">
      <Filter>Header Files</Filter>
    </ClInclude>
    <ClInclude Include="SMManager.h">
      <Filter>Header Files</Filter>
    </ClInclude>
    <ClInclude Include="SMManagerDlg.h">
      <Filter>Header Files</Filter>
    </ClInclude>
    <ClInclude Include="StdAfx.h">
      <Filter>Header Files</Filter>
    </ClInclude>
    <ClInclude Include="..\..\common\common\reg_common.h">
      <Filter>ｹｯ</Filter>
    </ClInclude>
    <ClInclude Include="..\..\common\common\server_type_define.h">
      <Filter>ｹｯ</Filter>
    </ClInclude>
    <ClInclude Include="..\..\common\common\version.h">
      <Filter>ｹｯ</Filter>
    </ClInclude>
  </ItemGroup>
  <ItemGroup>
    <Image Include="res\SMManager.ico">
      <Filter>Resource Files</Filter>
    </Image>
  </ItemGroup>
  <ItemGroup>
    <Text Include="ReadMe.txt" />
  </ItemGroup>
  <ItemGroup>
    <CustomBuild Include="res\SMManager.rc2">
      <Filter>Resource Files</Filter>
    </CustomBuild>
  </ItemGroup>
</Project>