<?xml version="1.0" encoding="utf-8"?>
<Project ToolsVersion="4.0" xmlns="http://schemas.microsoft.com/developer/msbuild/2003">
  <ItemGroup>
    <Filter Include="Source Files">
      <UniqueIdentifier>{8aa3d76a-3dec-4385-ab8c-4e8c7ffeb6c2}</UniqueIdentifier>
      <Extensions>cpp;c;cxx;rc;def;r;odl;idl;hpj;bat</Extensions>
    </Filter>
    <Filter Include="Header Files">
      <UniqueIdentifier>{0ec790db-d6e9-44fb-aa5c-89dd48cb963a}</UniqueIdentifier>
      <Extensions>h;hpp;hxx;hm;inl</Extensions>
    </Filter>
    <Filter Include="Resource Files">
      <UniqueIdentifier>{72bd98e5-f28f-4159-a430-1d6b97624df8}</UniqueIdentifier>
      <Extensions>ico;cur;bmp;dlg;rc2;rct;bin;rgs;gif;jpg;jpeg;jpe</Extensions>
    </Filter>
  </ItemGroup>
  <ItemGroup>
    <ClCompile Include="c16BITSPRITE.cpp">
      <Filter>Source Files</Filter>
    </ClCompile>
    <ClCompile Include="c8BITSPRITE.cpp">
      <Filter>Source Files</Filter>
    </ClCompile>
    <ClCompile Include="cDIB.cpp">
      <Filter>Source Files</Filter>
    </ClCompile>
    <ClCompile Include="cDOWNLOAD.cpp">
      <Filter>Source Files</Filter>
    </ClCompile>
    <ClCompile Include="cDRAW.cpp">
      <Filter>Source Files</Filter>
    </ClCompile>
    <ClCompile Include="cMAIN.cpp">
      <Filter>Source Files</Filter>
    </ClCompile>
    <ClCompile Include="cMESSAGE.cpp">
      <Filter>Source Files</Filter>
    </ClCompile>
    <ClCompile Include="cNUX.cpp">
      <Filter>Source Files</Filter>
    </ClCompile>
    <ClCompile Include="cTEXT.cpp">
      <Filter>Source Files</Filter>
    </ClCompile>
    <ClCompile Include="cTRANS.cpp">
      <Filter>Source Files</Filter>
    </ClCompile>
    <ClCompile Include="cWINDOW.cpp">
      <Filter>Source Files</Filter>
    </ClCompile>
    <ClCompile Include="extract.cpp">
      <Filter>Source Files</Filter>
    </ClCompile>
    <ClCompile Include="message_for_international.cpp">
      <Filter>Source Files</Filter>
    </ClCompile>
    <ClCompile Include="SFC.cpp">
      <Filter>Source Files</Filter>
    </ClCompile>
    <ClCompile Include="StdAfx.cpp">
      <Filter>Source Files</Filter>
    </ClCompile>
    <ClCompile Include="WebInstaller.cpp">
      <Filter>Source Files</Filter>
    </ClCompile>
  </ItemGroup>
  <ItemGroup>
    <ResourceCompile Include="WebInstaller.rc">
      <Filter>Source Files</Filter>
    </ResourceCompile>
  </ItemGroup>
  <ItemGroup>
    <ClInclude Include="cDIB.h">
      <Filter>Header Files</Filter>
    </ClInclude>
    <ClInclude Include="cDOWNLOAD.h">
      <Filter>Header Files</Filter>
    </ClInclude>
    <ClInclude Include="cDRAW.h">
      <Filter>Header Files</Filter>
    </ClInclude>
    <ClInclude Include="cMAIN.h">
      <Filter>Header Files</Filter>
    </ClInclude>
    <ClInclude Include="cMESSAGE.h">
      <Filter>Header Files</Filter>
    </ClInclude>
    <ClInclude Include="cNUX.h">
      <Filter>Header Files</Filter>
    </ClInclude>
    <ClInclude Include="cPACKET.h">
      <Filter>Header Files</Filter>
    </ClInclude>
    <ClInclude Include="cSOCKET.h">
      <Filter>Header Files</Filter>
    </ClInclude>
    <ClInclude Include="cTEXT.h">
      <Filter>Header Files</Filter>
    </ClInclude>
    <ClInclude Include="cWINDOW.h">
      <Filter>Header Files</Filter>
    </ClInclude>
    <ClInclude Include="resource.h">
      <Filter>Header Files</Filter>
    </ClInclude>
    <ClInclude Include="SFC.h">
      <Filter>Header Files</Filter>
    </ClInclude>
    <ClInclude Include="STDAFX.H">
      <Filter>Header Files</Filter>
    </ClInclude>
  </ItemGroup>
  <ItemGroup>
    <Image Include="red stone.ico">
      <Filter>Resource Files</Filter>
    </Image>
  </ItemGroup>
</Project>